// !$*UTF8*$!
{
	archiveVersion = 1;
	classes = {
	};
	objectVersion = 56;
	objects = {

/* Begin PBXBuildFile section */
		BA4660F72B0F9C6700CF7678 /* LicenseList in Frameworks */ = {isa = PBXBuildFile; productRef = BA4660F62B0F9C6700CF7678 /* LicenseList */; };
		BA4660FC2B0F9CFB00CF7678 /* LicenceView.swift in Sources */ = {isa = PBXBuildFile; fileRef = BA4660FB2B0F9CFB00CF7678 /* LicenceView.swift */; };
		BA4B85742C5CA0AC0000E24F /* MusicSyncSongModel.swift in Sources */ = {isa = PBXBuildFile; fileRef = BA4B85732C5CA0AC0000E24F /* MusicSyncSongModel.swift */; };
		BA52AA592C53F4D200D10C56 /* HomeViewModel.swift in Sources */ = {isa = PBXBuildFile; fileRef = BA52AA582C53F4D200D10C56 /* HomeViewModel.swift */; };
		BA6CF8C72A1B0A480066B55E /* MusicSyncApp.swift in Sources */ = {isa = PBXBuildFile; fileRef = BA6CF8C62A1B0A480066B55E /* MusicSyncApp.swift */; };
		BA6CF8CB2A1B0A490066B55E /* Assets.xcassets in Resources */ = {isa = PBXBuildFile; fileRef = BA6CF8CA2A1B0A490066B55E /* Assets.xcassets */; };
		BA6CF8E22A1B0A4A0066B55E /* MusicSyncUITests.swift in Sources */ = {isa = PBXBuildFile; fileRef = BA6CF8E12A1B0A4A0066B55E /* MusicSyncUITests.swift */; };
		BA6CF8E42A1B0A4A0066B55E /* MusicSyncUITestsLaunchTests.swift in Sources */ = {isa = PBXBuildFile; fileRef = BA6CF8E32A1B0A4A0066B55E /* MusicSyncUITestsLaunchTests.swift */; };
		BA6CF8F22A1B0B090066B55E /* FirebaseAnalytics in Frameworks */ = {isa = PBXBuildFile; productRef = BA6CF8F12A1B0B090066B55E /* FirebaseAnalytics */; };
		BA6CF8F42A1B0B090066B55E /* FirebaseAnalyticsOnDeviceConversion in Frameworks */ = {isa = PBXBuildFile; productRef = BA6CF8F32A1B0B090066B55E /* FirebaseAnalyticsOnDeviceConversion */; };
		BA6CF8F62A1B0B090066B55E /* FirebaseAnalyticsSwift in Frameworks */ = {isa = PBXBuildFile; productRef = BA6CF8F52A1B0B090066B55E /* FirebaseAnalyticsSwift */; };
		BA6CF8F82A1B0B090066B55E /* FirebaseAnalyticsWithoutAdIdSupport in Frameworks */ = {isa = PBXBuildFile; productRef = BA6CF8F72A1B0B090066B55E /* FirebaseAnalyticsWithoutAdIdSupport */; };
		BA6CF8FA2A1B0B090066B55E /* FirebaseAppCheck in Frameworks */ = {isa = PBXBuildFile; productRef = BA6CF8F92A1B0B090066B55E /* FirebaseAppCheck */; };
		BA6CF8FC2A1B0B090066B55E /* FirebaseAppDistribution-Beta in Frameworks */ = {isa = PBXBuildFile; productRef = BA6CF8FB2A1B0B090066B55E /* FirebaseAppDistribution-Beta */; };
		BA6CF8FE2A1B0B090066B55E /* FirebaseAuth in Frameworks */ = {isa = PBXBuildFile; productRef = BA6CF8FD2A1B0B090066B55E /* FirebaseAuth */; };
		BA6CF9002A1B0B090066B55E /* FirebaseAuthCombine-Community in Frameworks */ = {isa = PBXBuildFile; productRef = BA6CF8FF2A1B0B090066B55E /* FirebaseAuthCombine-Community */; };
		BA6CF9022A1B0B090066B55E /* FirebaseCrashlytics in Frameworks */ = {isa = PBXBuildFile; productRef = BA6CF9012A1B0B090066B55E /* FirebaseCrashlytics */; };
		BA6CF9042A1B0B090066B55E /* FirebaseFirestore in Frameworks */ = {isa = PBXBuildFile; productRef = BA6CF9032A1B0B090066B55E /* FirebaseFirestore */; };
		BA6CF9062A1B0B090066B55E /* FirebaseFirestoreCombine-Community in Frameworks */ = {isa = PBXBuildFile; productRef = BA6CF9052A1B0B090066B55E /* FirebaseFirestoreCombine-Community */; };
		BA6CF9082A1B0B090066B55E /* FirebaseFirestoreSwift in Frameworks */ = {isa = PBXBuildFile; productRef = BA6CF9072A1B0B090066B55E /* FirebaseFirestoreSwift */; };
		BA6CF90A2A1B0B090066B55E /* FirebaseInstallations in Frameworks */ = {isa = PBXBuildFile; productRef = BA6CF9092A1B0B090066B55E /* FirebaseInstallations */; };
		BA6CF9102A1B0C280066B55E /* AppleMusicAuthView.swift in Sources */ = {isa = PBXBuildFile; fileRef = BA6CF90F2A1B0C280066B55E /* AppleMusicAuthView.swift */; };
		BA6CF9122A1B0C530066B55E /* SettingView.swift in Sources */ = {isa = PBXBuildFile; fileRef = BA6CF9112A1B0C530066B55E /* SettingView.swift */; };
		BA6CF9152A1B0CB00066B55E /* EmailRegisterView.swift in Sources */ = {isa = PBXBuildFile; fileRef = BA6CF9142A1B0CB00066B55E /* EmailRegisterView.swift */; };
		BA6CF9172A1B0CF90066B55E /* ProvisionalRegistrationView.swift in Sources */ = {isa = PBXBuildFile; fileRef = BA6CF9162A1B0CF90066B55E /* ProvisionalRegistrationView.swift */; };
		BA6CF9192A1B0D180066B55E /* PasswordResetView.swift in Sources */ = {isa = PBXBuildFile; fileRef = BA6CF9182A1B0D180066B55E /* PasswordResetView.swift */; };
		BA70AB9A2B944B7D0041B369 /* GoogleMobileAds in Frameworks */ = {isa = PBXBuildFile; productRef = BA70AB992B944B7D0041B369 /* GoogleMobileAds */; };
		BA70AB9D2B944CD90041B369 /* AdCoodinator.swift in Sources */ = {isa = PBXBuildFile; fileRef = BA70AB9C2B944CD90041B369 /* AdCoodinator.swift */; };
		BA785CA72AF368BD0012CF67 /* MemberListCell.swift in Sources */ = {isa = PBXBuildFile; fileRef = BA785CA62AF368BD0012CF67 /* MemberListCell.swift */; };
		BA785CB02AF789760012CF67 /* EmailRegisterViewModel.swift in Sources */ = {isa = PBXBuildFile; fileRef = BA785CAF2AF789760012CF67 /* EmailRegisterViewModel.swift */; };
		BA7AC84F2C6A2445009B252B /* MusicSyncSongModelTest.swift in Sources */ = {isa = PBXBuildFile; fileRef = BA7AC84E2C6A2445009B252B /* MusicSyncSongModelTest.swift */; };
		BA7AC8662C6A67C5009B252B /* EmailRegisterView.swift in Sources */ = {isa = PBXBuildFile; fileRef = BA6CF9142A1B0CB00066B55E /* EmailRegisterView.swift */; };
		BA7AC8672C6A67C5009B252B /* FirebaseAuthModel.swift in Sources */ = {isa = PBXBuildFile; fileRef = BA85A17A2A1B10F4009C1CDD /* FirebaseAuthModel.swift */; };
		BA7AC8682C6A67C5009B252B /* AppleMusicLibraryModel.swift in Sources */ = {isa = PBXBuildFile; fileRef = BA85A17E2A1B114B009C1CDD /* AppleMusicLibraryModel.swift */; };
		BA7AC8692C6A67C5009B252B /* CreateRoomView.swift in Sources */ = {isa = PBXBuildFile; fileRef = BA85A1642A1B0F1C009C1CDD /* CreateRoomView.swift */; };
		BA7AC86A2C6A67C5009B252B /* CreatePlaylistView.swift in Sources */ = {isa = PBXBuildFile; fileRef = BA85A16C2A1B0F9F009C1CDD /* CreatePlaylistView.swift */; };
		BA7AC86B2C6A67C5009B252B /* LicenceView.swift in Sources */ = {isa = PBXBuildFile; fileRef = BA4660FB2B0F9CFB00CF7678 /* LicenceView.swift */; };
		BA7AC86C2C6A67C5009B252B /* EnterRoomPinViewModel.swift in Sources */ = {isa = PBXBuildFile; fileRef = BA967EEE2B09DA55008AB3CF /* EnterRoomPinViewModel.swift */; };
		BA7AC86D2C6A67C5009B252B /* NavigationLinkItem.swift in Sources */ = {isa = PBXBuildFile; fileRef = BAA05CE92AF2B70900A038A3 /* NavigationLinkItem.swift */; };
		BA7AC86E2C6A67C5009B252B /* SettingView.swift in Sources */ = {isa = PBXBuildFile; fileRef = BA6CF9112A1B0C530066B55E /* SettingView.swift */; };
		BA7AC86F2C6A67C5009B252B /* CreatePlaylistViewModel.swift in Sources */ = {isa = PBXBuildFile; fileRef = BA85A1752A1B107F009C1CDD /* CreatePlaylistViewModel.swift */; };
		BA7AC8702C6A67C5009B252B /* LoadingView.swift in Sources */ = {isa = PBXBuildFile; fileRef = BA85A16A2A1B0F7F009C1CDD /* LoadingView.swift */; };
		BA7AC8712C6A67C5009B252B /* CreateRoomViewModel.swift in Sources */ = {isa = PBXBuildFile; fileRef = BA85A1712A1B0FF7009C1CDD /* CreateRoomViewModel.swift */; };
		BA7AC8722C6A67C5009B252B /* LoginView.swift in Sources */ = {isa = PBXBuildFile; fileRef = BA85A15B2A1B0DE5009C1CDD /* LoginView.swift */; };
		BA7AC8732C6A67C5009B252B /* ButtonView.swift in Sources */ = {isa = PBXBuildFile; fileRef = BA85A16E2A1B0FB7009C1CDD /* ButtonView.swift */; };
		BA7AC8742C6A67C5009B252B /* FirestoreRepository.swift in Sources */ = {isa = PBXBuildFile; fileRef = BA8542A22AFCB14B00434765 /* FirestoreRepository.swift */; };
		BA7AC8752C6A67C5009B252B /* JoinRoomView.swift in Sources */ = {isa = PBXBuildFile; fileRef = BA85A1682A1B0F61009C1CDD /* JoinRoomView.swift */; };
		BA7AC8762C6A67C5009B252B /* CreateRoomError.swift in Sources */ = {isa = PBXBuildFile; fileRef = BA8542A42AFCB5A400434765 /* CreateRoomError.swift */; };
		BA7AC8772C6A67C5009B252B /* NameSettingView.swift in Sources */ = {isa = PBXBuildFile; fileRef = BA85A15E2A1B0EA7009C1CDD /* NameSettingView.swift */; };
		BA7AC8782C6A67C5009B252B /* HomeViewModel.swift in Sources */ = {isa = PBXBuildFile; fileRef = BA52AA582C53F4D200D10C56 /* HomeViewModel.swift */; };
		BA7AC8792C6A67C5009B252B /* JoinRoomViewModel.swift in Sources */ = {isa = PBXBuildFile; fileRef = BA85A1732A1B1054009C1CDD /* JoinRoomViewModel.swift */; };
		BA7AC87A2C6A67C5009B252B /* GroupButtonView.swift in Sources */ = {isa = PBXBuildFile; fileRef = BA85A1822A1B6B20009C1CDD /* GroupButtonView.swift */; };
		BA7AC87B2C6A67C5009B252B /* EnterRoomPinView.swift in Sources */ = {isa = PBXBuildFile; fileRef = BAA05CE72AF2B29C00A038A3 /* EnterRoomPinView.swift */; };
		BA7AC87C2C6A67C5009B252B /* MusicSyncSongModel.swift in Sources */ = {isa = PBXBuildFile; fileRef = BA4B85732C5CA0AC0000E24F /* MusicSyncSongModel.swift */; };
		BA7AC87D2C6A67C5009B252B /* MemberListCell.swift in Sources */ = {isa = PBXBuildFile; fileRef = BA785CA62AF368BD0012CF67 /* MemberListCell.swift */; };
		BA7AC87E2C6A67C5009B252B /* RoundedCorners.swift in Sources */ = {isa = PBXBuildFile; fileRef = BAA05CEC2AF35D8C00A038A3 /* RoundedCorners.swift */; };
		BA7AC87F2C6A67C5009B252B /* NumberButtonView.swift in Sources */ = {isa = PBXBuildFile; fileRef = BA967EEC2B09D5C0008AB3CF /* NumberButtonView.swift */; };
		BA7AC8802C6A67C5009B252B /* PasswordResetView.swift in Sources */ = {isa = PBXBuildFile; fileRef = BA6CF9182A1B0D180066B55E /* PasswordResetView.swift */; };
		BA7AC8812C6A67C5009B252B /* AdCoodinator.swift in Sources */ = {isa = PBXBuildFile; fileRef = BA70AB9C2B944CD90041B369 /* AdCoodinator.swift */; };
		BA7AC8822C6A67C5009B252B /* MusicSyncApp.swift in Sources */ = {isa = PBXBuildFile; fileRef = BA6CF8C62A1B0A480066B55E /* MusicSyncApp.swift */; };
		BA7AC8832C6A67C5009B252B /* DeleteButtonView.swift in Sources */ = {isa = PBXBuildFile; fileRef = BA967EF02B09E0A3008AB3CF /* DeleteButtonView.swift */; };
		BA7AC8842C6A67C5009B252B /* EmailRegisterViewModel.swift in Sources */ = {isa = PBXBuildFile; fileRef = BA785CAF2AF789760012CF67 /* EmailRegisterViewModel.swift */; };
		BA7AC8852C6A67C5009B252B /* ProvisionalRegistrationView.swift in Sources */ = {isa = PBXBuildFile; fileRef = BA6CF9162A1B0CF90066B55E /* ProvisionalRegistrationView.swift */; };
		BA7AC8862C6A67C5009B252B /* HomeView.swift in Sources */ = {isa = PBXBuildFile; fileRef = BA85A1622A1B0EF2009C1CDD /* HomeView.swift */; };
		BA7AC8872C6A67C5009B252B /* AppleMusicAuthView.swift in Sources */ = {isa = PBXBuildFile; fileRef = BA6CF90F2A1B0C280066B55E /* AppleMusicAuthView.swift */; };
		BA7AC8882C6A67C5009B252B /* JoinRoomError.swift in Sources */ = {isa = PBXBuildFile; fileRef = BA967EF52B0A3DDC008AB3CF /* JoinRoomError.swift */; };
		BA7AC88A2C6A67C5009B252B /* LicenseList in Frameworks */ = {isa = PBXBuildFile; productRef = BA7AC8612C6A67C5009B252B /* LicenseList */; };
		BA7AC88B2C6A67C5009B252B /* FirebaseAnalyticsSwift in Frameworks */ = {isa = PBXBuildFile; productRef = BA7AC8562C6A67C5009B252B /* FirebaseAnalyticsSwift */; };
		BA7AC88C2C6A67C5009B252B /* FirebaseAnalytics in Frameworks */ = {isa = PBXBuildFile; productRef = BA7AC8532C6A67C5009B252B /* FirebaseAnalytics */; };
		BA7AC88D2C6A67C5009B252B /* FirebaseInstallations in Frameworks */ = {isa = PBXBuildFile; productRef = BA7AC8602C6A67C5009B252B /* FirebaseInstallations */; };
		BA7AC88E2C6A67C5009B252B /* FirebaseAnalyticsOnDeviceConversion in Frameworks */ = {isa = PBXBuildFile; productRef = BA7AC8552C6A67C5009B252B /* FirebaseAnalyticsOnDeviceConversion */; };
		BA7AC88F2C6A67C5009B252B /* FirebaseFirestore in Frameworks */ = {isa = PBXBuildFile; productRef = BA7AC85D2C6A67C5009B252B /* FirebaseFirestore */; };
		BA7AC8902C6A67C5009B252B /* FirebaseAppCheck in Frameworks */ = {isa = PBXBuildFile; productRef = BA7AC8582C6A67C5009B252B /* FirebaseAppCheck */; };
		BA7AC8912C6A67C5009B252B /* FirebaseFirestoreCombine-Community in Frameworks */ = {isa = PBXBuildFile; productRef = BA7AC85E2C6A67C5009B252B /* FirebaseFirestoreCombine-Community */; };
		BA7AC8922C6A67C5009B252B /* FirebaseAnalyticsWithoutAdIdSupport in Frameworks */ = {isa = PBXBuildFile; productRef = BA7AC8572C6A67C5009B252B /* FirebaseAnalyticsWithoutAdIdSupport */; };
		BA7AC8932C6A67C5009B252B /* FirebaseAuth in Frameworks */ = {isa = PBXBuildFile; productRef = BA7AC85A2C6A67C5009B252B /* FirebaseAuth */; };
		BA7AC8942C6A67C5009B252B /* FirebaseCrashlytics in Frameworks */ = {isa = PBXBuildFile; productRef = BA7AC85C2C6A67C5009B252B /* FirebaseCrashlytics */; };
		BA7AC8952C6A67C5009B252B /* FirebaseAppDistribution-Beta in Frameworks */ = {isa = PBXBuildFile; productRef = BA7AC8592C6A67C5009B252B /* FirebaseAppDistribution-Beta */; };
		BA7AC8962C6A67C5009B252B /* GoogleMobileAds in Frameworks */ = {isa = PBXBuildFile; productRef = BA7AC8632C6A67C5009B252B /* GoogleMobileAds */; };
		BA7AC8972C6A67C5009B252B /* FirebaseAuthCombine-Community in Frameworks */ = {isa = PBXBuildFile; productRef = BA7AC85B2C6A67C5009B252B /* FirebaseAuthCombine-Community */; };
		BA7AC8982C6A67C5009B252B /* FirebaseFirestoreSwift in Frameworks */ = {isa = PBXBuildFile; productRef = BA7AC85F2C6A67C5009B252B /* FirebaseFirestoreSwift */; };
		BA7AC89B2C6A67C5009B252B /* Preview Assets.xcassets in Resources */ = {isa = PBXBuildFile; fileRef = BA6CF8CD2A1B0A490066B55E /* Preview Assets.xcassets */; };
		BA7AC89C2C6A67C5009B252B /* Assets.xcassets in Resources */ = {isa = PBXBuildFile; fileRef = BA6CF8CA2A1B0A490066B55E /* Assets.xcassets */; };
		BA7AC8A92C6A6B5C009B252B /* GoogleService-Info.plist in Resources */ = {isa = PBXBuildFile; fileRef = BA7AC8A82C6A6B5C009B252B /* GoogleService-Info.plist */; };
		BA7AC8AA2C6A6B67009B252B /* GoogleService-Info.plist in Resources */ = {isa = PBXBuildFile; fileRef = BA7AC8A62C6A68E8009B252B /* GoogleService-Info.plist */; };
		BA8542A32AFCB14B00434765 /* FirestoreRepository.swift in Sources */ = {isa = PBXBuildFile; fileRef = BA8542A22AFCB14B00434765 /* FirestoreRepository.swift */; };
		BA8542A52AFCB5A400434765 /* CreateRoomError.swift in Sources */ = {isa = PBXBuildFile; fileRef = BA8542A42AFCB5A400434765 /* CreateRoomError.swift */; };
		BA85A15C2A1B0DE5009C1CDD /* LoginView.swift in Sources */ = {isa = PBXBuildFile; fileRef = BA85A15B2A1B0DE5009C1CDD /* LoginView.swift */; };
		BA85A15F2A1B0EA7009C1CDD /* NameSettingView.swift in Sources */ = {isa = PBXBuildFile; fileRef = BA85A15E2A1B0EA7009C1CDD /* NameSettingView.swift */; };
		BA85A1632A1B0EF2009C1CDD /* HomeView.swift in Sources */ = {isa = PBXBuildFile; fileRef = BA85A1622A1B0EF2009C1CDD /* HomeView.swift */; };
		BA85A1652A1B0F1C009C1CDD /* CreateRoomView.swift in Sources */ = {isa = PBXBuildFile; fileRef = BA85A1642A1B0F1C009C1CDD /* CreateRoomView.swift */; };
		BA85A1692A1B0F61009C1CDD /* JoinRoomView.swift in Sources */ = {isa = PBXBuildFile; fileRef = BA85A1682A1B0F61009C1CDD /* JoinRoomView.swift */; };
		BA85A16B2A1B0F7F009C1CDD /* LoadingView.swift in Sources */ = {isa = PBXBuildFile; fileRef = BA85A16A2A1B0F7F009C1CDD /* LoadingView.swift */; };
		BA85A16D2A1B0F9F009C1CDD /* CreatePlaylistView.swift in Sources */ = {isa = PBXBuildFile; fileRef = BA85A16C2A1B0F9F009C1CDD /* CreatePlaylistView.swift */; };
		BA85A16F2A1B0FB7009C1CDD /* ButtonView.swift in Sources */ = {isa = PBXBuildFile; fileRef = BA85A16E2A1B0FB7009C1CDD /* ButtonView.swift */; };
		BA85A1722A1B0FF7009C1CDD /* CreateRoomViewModel.swift in Sources */ = {isa = PBXBuildFile; fileRef = BA85A1712A1B0FF7009C1CDD /* CreateRoomViewModel.swift */; };
		BA85A1742A1B1054009C1CDD /* JoinRoomViewModel.swift in Sources */ = {isa = PBXBuildFile; fileRef = BA85A1732A1B1054009C1CDD /* JoinRoomViewModel.swift */; };
		BA85A1762A1B107F009C1CDD /* CreatePlaylistViewModel.swift in Sources */ = {isa = PBXBuildFile; fileRef = BA85A1752A1B107F009C1CDD /* CreatePlaylistViewModel.swift */; };
		BA85A17B2A1B10F4009C1CDD /* FirebaseAuthModel.swift in Sources */ = {isa = PBXBuildFile; fileRef = BA85A17A2A1B10F4009C1CDD /* FirebaseAuthModel.swift */; };
		BA85A17F2A1B114B009C1CDD /* AppleMusicLibraryModel.swift in Sources */ = {isa = PBXBuildFile; fileRef = BA85A17E2A1B114B009C1CDD /* AppleMusicLibraryModel.swift */; };
		BA85A1832A1B6B20009C1CDD /* GroupButtonView.swift in Sources */ = {isa = PBXBuildFile; fileRef = BA85A1822A1B6B20009C1CDD /* GroupButtonView.swift */; };
		BA967EED2B09D5C0008AB3CF /* NumberButtonView.swift in Sources */ = {isa = PBXBuildFile; fileRef = BA967EEC2B09D5C0008AB3CF /* NumberButtonView.swift */; };
		BA967EEF2B09DA55008AB3CF /* EnterRoomPinViewModel.swift in Sources */ = {isa = PBXBuildFile; fileRef = BA967EEE2B09DA55008AB3CF /* EnterRoomPinViewModel.swift */; };
		BA967EF12B09E0A3008AB3CF /* DeleteButtonView.swift in Sources */ = {isa = PBXBuildFile; fileRef = BA967EF02B09E0A3008AB3CF /* DeleteButtonView.swift */; };
		BA967EF62B0A3DDC008AB3CF /* JoinRoomError.swift in Sources */ = {isa = PBXBuildFile; fileRef = BA967EF52B0A3DDC008AB3CF /* JoinRoomError.swift */; };
		BAA05CE82AF2B29C00A038A3 /* EnterRoomPinView.swift in Sources */ = {isa = PBXBuildFile; fileRef = BAA05CE72AF2B29C00A038A3 /* EnterRoomPinView.swift */; };
		BAA05CEA2AF2B70900A038A3 /* NavigationLinkItem.swift in Sources */ = {isa = PBXBuildFile; fileRef = BAA05CE92AF2B70900A038A3 /* NavigationLinkItem.swift */; };
		BAA05CED2AF35D8C00A038A3 /* RoundedCorners.swift in Sources */ = {isa = PBXBuildFile; fileRef = BAA05CEC2AF35D8C00A038A3 /* RoundedCorners.swift */; };
/* End PBXBuildFile section */

/* Begin PBXContainerItemProxy section */
		BA6CF8D42A1B0A4A0066B55E /* PBXContainerItemProxy */ = {
			isa = PBXContainerItemProxy;
			containerPortal = BA6CF8BB2A1B0A480066B55E /* Project object */;
			proxyType = 1;
			remoteGlobalIDString = BA6CF8C22A1B0A480066B55E;
			remoteInfo = MusicSync;
		};
		BA6CF8DE2A1B0A4A0066B55E /* PBXContainerItemProxy */ = {
			isa = PBXContainerItemProxy;
			containerPortal = BA6CF8BB2A1B0A480066B55E /* Project object */;
			proxyType = 1;
			remoteGlobalIDString = BA6CF8C22A1B0A480066B55E;
			remoteInfo = MusicSync;
		};
/* End PBXContainerItemProxy section */

/* Begin PBXFileReference section */
		BA325FCE2C6A739300AC41A0 /* Develop-Info.plist */ = {isa = PBXFileReference; lastKnownFileType = text.plist.xml; path = "Develop-Info.plist"; sourceTree = "<group>"; };
		BA4660FB2B0F9CFB00CF7678 /* LicenceView.swift */ = {isa = PBXFileReference; lastKnownFileType = sourcecode.swift; path = LicenceView.swift; sourceTree = "<group>"; };
		BA4660FD2B0F9F6700CF7678 /* .gitignore */ = {isa = PBXFileReference; lastKnownFileType = text; path = .gitignore; sourceTree = "<group>"; };
		BA4B85732C5CA0AC0000E24F /* MusicSyncSongModel.swift */ = {isa = PBXFileReference; lastKnownFileType = sourcecode.swift; path = MusicSyncSongModel.swift; sourceTree = "<group>"; };
		BA52AA582C53F4D200D10C56 /* HomeViewModel.swift */ = {isa = PBXFileReference; lastKnownFileType = sourcecode.swift; path = HomeViewModel.swift; sourceTree = "<group>"; };
		BA68DF062A52F9F000DE546A /* Info.plist */ = {isa = PBXFileReference; lastKnownFileType = text.plist.xml; path = Info.plist; sourceTree = "<group>"; };
		BA6CF8C32A1B0A480066B55E /* MusicSync.app */ = {isa = PBXFileReference; explicitFileType = wrapper.application; includeInIndex = 0; path = MusicSync.app; sourceTree = BUILT_PRODUCTS_DIR; };
		BA6CF8C62A1B0A480066B55E /* MusicSyncApp.swift */ = {isa = PBXFileReference; lastKnownFileType = sourcecode.swift; path = MusicSyncApp.swift; sourceTree = "<group>"; };
		BA6CF8CA2A1B0A490066B55E /* Assets.xcassets */ = {isa = PBXFileReference; lastKnownFileType = folder.assetcatalog; path = Assets.xcassets; sourceTree = "<group>"; };
		BA6CF8CD2A1B0A490066B55E /* Preview Assets.xcassets */ = {isa = PBXFileReference; lastKnownFileType = folder.assetcatalog; path = "Preview Assets.xcassets"; sourceTree = "<group>"; };
		BA6CF8D32A1B0A4A0066B55E /* MusicSyncTests.xctest */ = {isa = PBXFileReference; explicitFileType = wrapper.cfbundle; includeInIndex = 0; path = MusicSyncTests.xctest; sourceTree = BUILT_PRODUCTS_DIR; };
		BA6CF8DD2A1B0A4A0066B55E /* MusicSyncUITests.xctest */ = {isa = PBXFileReference; explicitFileType = wrapper.cfbundle; includeInIndex = 0; path = MusicSyncUITests.xctest; sourceTree = BUILT_PRODUCTS_DIR; };
		BA6CF8E12A1B0A4A0066B55E /* MusicSyncUITests.swift */ = {isa = PBXFileReference; lastKnownFileType = sourcecode.swift; path = MusicSyncUITests.swift; sourceTree = "<group>"; };
		BA6CF8E32A1B0A4A0066B55E /* MusicSyncUITestsLaunchTests.swift */ = {isa = PBXFileReference; lastKnownFileType = sourcecode.swift; path = MusicSyncUITestsLaunchTests.swift; sourceTree = "<group>"; };
		BA6CF90F2A1B0C280066B55E /* AppleMusicAuthView.swift */ = {isa = PBXFileReference; lastKnownFileType = sourcecode.swift; path = AppleMusicAuthView.swift; sourceTree = "<group>"; };
		BA6CF9112A1B0C530066B55E /* SettingView.swift */ = {isa = PBXFileReference; lastKnownFileType = sourcecode.swift; path = SettingView.swift; sourceTree = "<group>"; };
		BA6CF9142A1B0CB00066B55E /* EmailRegisterView.swift */ = {isa = PBXFileReference; lastKnownFileType = sourcecode.swift; path = EmailRegisterView.swift; sourceTree = "<group>"; };
		BA6CF9162A1B0CF90066B55E /* ProvisionalRegistrationView.swift */ = {isa = PBXFileReference; lastKnownFileType = sourcecode.swift; path = ProvisionalRegistrationView.swift; sourceTree = "<group>"; };
		BA6CF9182A1B0D180066B55E /* PasswordResetView.swift */ = {isa = PBXFileReference; lastKnownFileType = sourcecode.swift; path = PasswordResetView.swift; sourceTree = "<group>"; };
		BA70AB9C2B944CD90041B369 /* AdCoodinator.swift */ = {isa = PBXFileReference; lastKnownFileType = sourcecode.swift; path = AdCoodinator.swift; sourceTree = "<group>"; };
		BA785CA62AF368BD0012CF67 /* MemberListCell.swift */ = {isa = PBXFileReference; lastKnownFileType = sourcecode.swift; path = MemberListCell.swift; sourceTree = "<group>"; };
		BA785CAF2AF789760012CF67 /* EmailRegisterViewModel.swift */ = {isa = PBXFileReference; lastKnownFileType = sourcecode.swift; path = EmailRegisterViewModel.swift; sourceTree = "<group>"; };
		BA7AC84E2C6A2445009B252B /* MusicSyncSongModelTest.swift */ = {isa = PBXFileReference; lastKnownFileType = sourcecode.swift; path = MusicSyncSongModelTest.swift; sourceTree = "<group>"; };
		BA7AC8A32C6A67C5009B252B /* MusicSync-Develop.app */ = {isa = PBXFileReference; explicitFileType = wrapper.application; includeInIndex = 0; path = "MusicSync-Develop.app"; sourceTree = BUILT_PRODUCTS_DIR; };
		BA7AC8A62C6A68E8009B252B /* GoogleService-Info.plist */ = {isa = PBXFileReference; fileEncoding = 4; lastKnownFileType = text.plist.xml; path = "GoogleService-Info.plist"; sourceTree = "<group>"; };
		BA7AC8A82C6A6B5C009B252B /* GoogleService-Info.plist */ = {isa = PBXFileReference; fileEncoding = 4; lastKnownFileType = text.plist.xml; path = "GoogleService-Info.plist"; sourceTree = "<group>"; };
		BA8542A22AFCB14B00434765 /* FirestoreRepository.swift */ = {isa = PBXFileReference; lastKnownFileType = sourcecode.swift; path = FirestoreRepository.swift; sourceTree = "<group>"; };
		BA8542A42AFCB5A400434765 /* CreateRoomError.swift */ = {isa = PBXFileReference; lastKnownFileType = sourcecode.swift; path = CreateRoomError.swift; sourceTree = "<group>"; };
		BA8542AB2AFE1D2800434765 /* .swiftlint.yml */ = {isa = PBXFileReference; lastKnownFileType = text.yaml; path = .swiftlint.yml; sourceTree = "<group>"; };
		BA85A15B2A1B0DE5009C1CDD /* LoginView.swift */ = {isa = PBXFileReference; lastKnownFileType = sourcecode.swift; path = LoginView.swift; sourceTree = "<group>"; };
		BA85A15E2A1B0EA7009C1CDD /* NameSettingView.swift */ = {isa = PBXFileReference; lastKnownFileType = sourcecode.swift; path = NameSettingView.swift; sourceTree = "<group>"; };
		BA85A1622A1B0EF2009C1CDD /* HomeView.swift */ = {isa = PBXFileReference; lastKnownFileType = sourcecode.swift; path = HomeView.swift; sourceTree = "<group>"; };
		BA85A1642A1B0F1C009C1CDD /* CreateRoomView.swift */ = {isa = PBXFileReference; lastKnownFileType = sourcecode.swift; path = CreateRoomView.swift; sourceTree = "<group>"; };
		BA85A1682A1B0F61009C1CDD /* JoinRoomView.swift */ = {isa = PBXFileReference; lastKnownFileType = sourcecode.swift; path = JoinRoomView.swift; sourceTree = "<group>"; };
		BA85A16A2A1B0F7F009C1CDD /* LoadingView.swift */ = {isa = PBXFileReference; lastKnownFileType = sourcecode.swift; path = LoadingView.swift; sourceTree = "<group>"; };
		BA85A16C2A1B0F9F009C1CDD /* CreatePlaylistView.swift */ = {isa = PBXFileReference; lastKnownFileType = sourcecode.swift; path = CreatePlaylistView.swift; sourceTree = "<group>"; };
		BA85A16E2A1B0FB7009C1CDD /* ButtonView.swift */ = {isa = PBXFileReference; lastKnownFileType = sourcecode.swift; path = ButtonView.swift; sourceTree = "<group>"; };
		BA85A1712A1B0FF7009C1CDD /* CreateRoomViewModel.swift */ = {isa = PBXFileReference; lastKnownFileType = sourcecode.swift; path = CreateRoomViewModel.swift; sourceTree = "<group>"; };
		BA85A1732A1B1054009C1CDD /* JoinRoomViewModel.swift */ = {isa = PBXFileReference; lastKnownFileType = sourcecode.swift; path = JoinRoomViewModel.swift; sourceTree = "<group>"; };
		BA85A1752A1B107F009C1CDD /* CreatePlaylistViewModel.swift */ = {isa = PBXFileReference; lastKnownFileType = sourcecode.swift; path = CreatePlaylistViewModel.swift; sourceTree = "<group>"; };
		BA85A17A2A1B10F4009C1CDD /* FirebaseAuthModel.swift */ = {isa = PBXFileReference; lastKnownFileType = sourcecode.swift; path = FirebaseAuthModel.swift; sourceTree = "<group>"; };
		BA85A17E2A1B114B009C1CDD /* AppleMusicLibraryModel.swift */ = {isa = PBXFileReference; lastKnownFileType = sourcecode.swift; path = AppleMusicLibraryModel.swift; sourceTree = "<group>"; };
		BA85A1822A1B6B20009C1CDD /* GroupButtonView.swift */ = {isa = PBXFileReference; lastKnownFileType = sourcecode.swift; path = GroupButtonView.swift; sourceTree = "<group>"; };
		BA967EEC2B09D5C0008AB3CF /* NumberButtonView.swift */ = {isa = PBXFileReference; lastKnownFileType = sourcecode.swift; path = NumberButtonView.swift; sourceTree = "<group>"; };
		BA967EEE2B09DA55008AB3CF /* EnterRoomPinViewModel.swift */ = {isa = PBXFileReference; lastKnownFileType = sourcecode.swift; path = EnterRoomPinViewModel.swift; sourceTree = "<group>"; };
		BA967EF02B09E0A3008AB3CF /* DeleteButtonView.swift */ = {isa = PBXFileReference; lastKnownFileType = sourcecode.swift; path = DeleteButtonView.swift; sourceTree = "<group>"; };
		BA967EF52B0A3DDC008AB3CF /* JoinRoomError.swift */ = {isa = PBXFileReference; lastKnownFileType = sourcecode.swift; path = JoinRoomError.swift; sourceTree = "<group>"; };
		BAA05CE72AF2B29C00A038A3 /* EnterRoomPinView.swift */ = {isa = PBXFileReference; lastKnownFileType = sourcecode.swift; path = EnterRoomPinView.swift; sourceTree = "<group>"; };
		BAA05CE92AF2B70900A038A3 /* NavigationLinkItem.swift */ = {isa = PBXFileReference; lastKnownFileType = sourcecode.swift; path = NavigationLinkItem.swift; sourceTree = "<group>"; };
		BAA05CEC2AF35D8C00A038A3 /* RoundedCorners.swift */ = {isa = PBXFileReference; lastKnownFileType = sourcecode.swift; path = RoundedCorners.swift; sourceTree = "<group>"; };
/* End PBXFileReference section */

/* Begin PBXFrameworksBuildPhase section */
		BA6CF8C02A1B0A480066B55E /* Frameworks */ = {
			isa = PBXFrameworksBuildPhase;
			buildActionMask = 2147483647;
			files = (
				BA4660F72B0F9C6700CF7678 /* LicenseList in Frameworks */,
				BA6CF8F62A1B0B090066B55E /* FirebaseAnalyticsSwift in Frameworks */,
				BA6CF8F22A1B0B090066B55E /* FirebaseAnalytics in Frameworks */,
				BA6CF90A2A1B0B090066B55E /* FirebaseInstallations in Frameworks */,
				BA6CF8F42A1B0B090066B55E /* FirebaseAnalyticsOnDeviceConversion in Frameworks */,
				BA6CF9042A1B0B090066B55E /* FirebaseFirestore in Frameworks */,
				BA6CF8FA2A1B0B090066B55E /* FirebaseAppCheck in Frameworks */,
				BA6CF9062A1B0B090066B55E /* FirebaseFirestoreCombine-Community in Frameworks */,
				BA6CF8F82A1B0B090066B55E /* FirebaseAnalyticsWithoutAdIdSupport in Frameworks */,
				BA6CF8FE2A1B0B090066B55E /* FirebaseAuth in Frameworks */,
				BA6CF9022A1B0B090066B55E /* FirebaseCrashlytics in Frameworks */,
				BA6CF8FC2A1B0B090066B55E /* FirebaseAppDistribution-Beta in Frameworks */,
				BA70AB9A2B944B7D0041B369 /* GoogleMobileAds in Frameworks */,
				BA6CF9002A1B0B090066B55E /* FirebaseAuthCombine-Community in Frameworks */,
				BA6CF9082A1B0B090066B55E /* FirebaseFirestoreSwift in Frameworks */,
			);
			runOnlyForDeploymentPostprocessing = 0;
		};
		BA6CF8D02A1B0A4A0066B55E /* Frameworks */ = {
			isa = PBXFrameworksBuildPhase;
			buildActionMask = 2147483647;
			files = (
			);
			runOnlyForDeploymentPostprocessing = 0;
		};
		BA6CF8DA2A1B0A4A0066B55E /* Frameworks */ = {
			isa = PBXFrameworksBuildPhase;
			buildActionMask = 2147483647;
			files = (
			);
			runOnlyForDeploymentPostprocessing = 0;
		};
		BA7AC8892C6A67C5009B252B /* Frameworks */ = {
			isa = PBXFrameworksBuildPhase;
			buildActionMask = 2147483647;
			files = (
				BA7AC88A2C6A67C5009B252B /* LicenseList in Frameworks */,
				BA7AC88B2C6A67C5009B252B /* FirebaseAnalyticsSwift in Frameworks */,
				BA7AC88C2C6A67C5009B252B /* FirebaseAnalytics in Frameworks */,
				BA7AC88D2C6A67C5009B252B /* FirebaseInstallations in Frameworks */,
				BA7AC88E2C6A67C5009B252B /* FirebaseAnalyticsOnDeviceConversion in Frameworks */,
				BA7AC88F2C6A67C5009B252B /* FirebaseFirestore in Frameworks */,
				BA7AC8902C6A67C5009B252B /* FirebaseAppCheck in Frameworks */,
				BA7AC8912C6A67C5009B252B /* FirebaseFirestoreCombine-Community in Frameworks */,
				BA7AC8922C6A67C5009B252B /* FirebaseAnalyticsWithoutAdIdSupport in Frameworks */,
				BA7AC8932C6A67C5009B252B /* FirebaseAuth in Frameworks */,
				BA7AC8942C6A67C5009B252B /* FirebaseCrashlytics in Frameworks */,
				BA7AC8952C6A67C5009B252B /* FirebaseAppDistribution-Beta in Frameworks */,
				BA7AC8962C6A67C5009B252B /* GoogleMobileAds in Frameworks */,
				BA7AC8972C6A67C5009B252B /* FirebaseAuthCombine-Community in Frameworks */,
				BA7AC8982C6A67C5009B252B /* FirebaseFirestoreSwift in Frameworks */,
			);
			runOnlyForDeploymentPostprocessing = 0;
		};
/* End PBXFrameworksBuildPhase section */

/* Begin PBXGroup section */
		BA2A50D72BA9A05E00FE6113 /* GoogleService-info */ = {
			isa = PBXGroup;
			children = (
				BA2A50D92BA9A0AC00FE6113 /* release */,
				BA2A50D82BA9A09700FE6113 /* develop */,
			);
			path = "GoogleService-info";
			sourceTree = "<group>";
		};
		BA2A50D82BA9A09700FE6113 /* develop */ = {
			isa = PBXGroup;
			children = (
				BA7AC8A62C6A68E8009B252B /* GoogleService-Info.plist */,
			);
			path = develop;
			sourceTree = "<group>";
		};
		BA2A50D92BA9A0AC00FE6113 /* release */ = {
			isa = PBXGroup;
			children = (
				BA7AC8A82C6A6B5C009B252B /* GoogleService-Info.plist */,
			);
			path = release;
			sourceTree = "<group>";
		};
		BA4B85752C5CAB680000E24F /* Repository */ = {
			isa = PBXGroup;
			children = (
				BA8542A22AFCB14B00434765 /* FirestoreRepository.swift */,
			);
			path = Repository;
			sourceTree = "<group>";
		};
		BA6CF8BA2A1B0A480066B55E = {
			isa = PBXGroup;
			children = (
				BA8542AB2AFE1D2800434765 /* .swiftlint.yml */,
				BA4660FD2B0F9F6700CF7678 /* .gitignore */,
				BA6CF8C52A1B0A480066B55E /* MusicSync */,
				BA6CF8D62A1B0A4A0066B55E /* MusicSyncTests */,
				BA6CF8E02A1B0A4A0066B55E /* MusicSyncUITests */,
				BA6CF8C42A1B0A480066B55E /* Products */,
			);
			sourceTree = "<group>";
		};
		BA6CF8C42A1B0A480066B55E /* Products */ = {
			isa = PBXGroup;
			children = (
				BA6CF8C32A1B0A480066B55E /* MusicSync.app */,
				BA6CF8D32A1B0A4A0066B55E /* MusicSyncTests.xctest */,
				BA6CF8DD2A1B0A4A0066B55E /* MusicSyncUITests.xctest */,
				BA7AC8A32C6A67C5009B252B /* MusicSync-Develop.app */,
			);
			name = Products;
			sourceTree = "<group>";
		};
		BA6CF8C52A1B0A480066B55E /* MusicSync */ = {
			isa = PBXGroup;
			children = (
				BA6CF8C62A1B0A480066B55E /* MusicSyncApp.swift */,
				BAA05CEB2AF2B7B300A038A3 /* Enums */,
				BA85A15A2A1B0DCC009C1CDD /* Views */,
				BA85A1702A1B0FCA009C1CDD /* ViewModels */,
				BA85A1772A1B1092009C1CDD /* Models */,
				BA4B85752C5CAB680000E24F /* Repository */,
				BA6CF8CC2A1B0A490066B55E /* Preview Content */,
				BA68DF062A52F9F000DE546A /* Info.plist */,
				BA325FCE2C6A739300AC41A0 /* Develop-Info.plist */,
				BA6CF8CA2A1B0A490066B55E /* Assets.xcassets */,
				BA2A50D72BA9A05E00FE6113 /* GoogleService-info */,
			);
			path = MusicSync;
			sourceTree = "<group>";
		};
		BA6CF8CC2A1B0A490066B55E /* Preview Content */ = {
			isa = PBXGroup;
			children = (
				BA6CF8CD2A1B0A490066B55E /* Preview Assets.xcassets */,
			);
			path = "Preview Content";
			sourceTree = "<group>";
		};
		BA6CF8D62A1B0A4A0066B55E /* MusicSyncTests */ = {
			isa = PBXGroup;
			children = (
				BA7AC84E2C6A2445009B252B /* MusicSyncSongModelTest.swift */,
			);
			path = MusicSyncTests;
			sourceTree = "<group>";
		};
		BA6CF8E02A1B0A4A0066B55E /* MusicSyncUITests */ = {
			isa = PBXGroup;
			children = (
				BA6CF8E12A1B0A4A0066B55E /* MusicSyncUITests.swift */,
				BA6CF8E32A1B0A4A0066B55E /* MusicSyncUITestsLaunchTests.swift */,
			);
			path = MusicSyncUITests;
			sourceTree = "<group>";
		};
		BA85A1592A1B0DA2009C1CDD /* EmailAuthViews */ = {
			isa = PBXGroup;
			children = (
				BA6CF9142A1B0CB00066B55E /* EmailRegisterView.swift */,
				BA6CF9162A1B0CF90066B55E /* ProvisionalRegistrationView.swift */,
				BA6CF9182A1B0D180066B55E /* PasswordResetView.swift */,
			);
			path = EmailAuthViews;
			sourceTree = "<group>";
		};
		BA85A15A2A1B0DCC009C1CDD /* Views */ = {
			isa = PBXGroup;
			children = (
				BA85A15D2A1B0E1F009C1CDD /* SettingViews */,
				BA85A1592A1B0DA2009C1CDD /* EmailAuthViews */,
				BA6CF90F2A1B0C280066B55E /* AppleMusicAuthView.swift */,
				BA85A15B2A1B0DE5009C1CDD /* LoginView.swift */,
				BA85A1622A1B0EF2009C1CDD /* HomeView.swift */,
				BA85A1642A1B0F1C009C1CDD /* CreateRoomView.swift */,
				BA85A1682A1B0F61009C1CDD /* JoinRoomView.swift */,
				BA85A16C2A1B0F9F009C1CDD /* CreatePlaylistView.swift */,
				BAA05CE72AF2B29C00A038A3 /* EnterRoomPinView.swift */,
				BA85A1842A21B90C009C1CDD /* ViewComponents */,
			);
			path = Views;
			sourceTree = "<group>";
		};
		BA85A15D2A1B0E1F009C1CDD /* SettingViews */ = {
			isa = PBXGroup;
			children = (
				BA6CF9112A1B0C530066B55E /* SettingView.swift */,
				BA85A15E2A1B0EA7009C1CDD /* NameSettingView.swift */,
				BA4660FB2B0F9CFB00CF7678 /* LicenceView.swift */,
			);
			path = SettingViews;
			sourceTree = "<group>";
		};
		BA85A1702A1B0FCA009C1CDD /* ViewModels */ = {
			isa = PBXGroup;
			children = (
				BA85A1712A1B0FF7009C1CDD /* CreateRoomViewModel.swift */,
				BA52AA582C53F4D200D10C56 /* HomeViewModel.swift */,
				BA785CAF2AF789760012CF67 /* EmailRegisterViewModel.swift */,
				BA85A1732A1B1054009C1CDD /* JoinRoomViewModel.swift */,
				BA85A1752A1B107F009C1CDD /* CreatePlaylistViewModel.swift */,
				BA967EEE2B09DA55008AB3CF /* EnterRoomPinViewModel.swift */,
			);
			path = ViewModels;
			sourceTree = "<group>";
		};
		BA85A1772A1B1092009C1CDD /* Models */ = {
			isa = PBXGroup;
			children = (
				BA85A17A2A1B10F4009C1CDD /* FirebaseAuthModel.swift */,
				BA85A17E2A1B114B009C1CDD /* AppleMusicLibraryModel.swift */,
				BA4B85732C5CA0AC0000E24F /* MusicSyncSongModel.swift */,
				BA70AB9C2B944CD90041B369 /* AdCoodinator.swift */,
			);
			path = Models;
			sourceTree = "<group>";
		};
		BA85A1842A21B90C009C1CDD /* ViewComponents */ = {
			isa = PBXGroup;
			children = (
				BA85A16E2A1B0FB7009C1CDD /* ButtonView.swift */,
				BA967EEC2B09D5C0008AB3CF /* NumberButtonView.swift */,
				BA967EF02B09E0A3008AB3CF /* DeleteButtonView.swift */,
				BAA05CEC2AF35D8C00A038A3 /* RoundedCorners.swift */,
				BA85A16A2A1B0F7F009C1CDD /* LoadingView.swift */,
				BA85A1822A1B6B20009C1CDD /* GroupButtonView.swift */,
				BA785CA62AF368BD0012CF67 /* MemberListCell.swift */,
			);
			path = ViewComponents;
			sourceTree = "<group>";
		};
		BAA05CEB2AF2B7B300A038A3 /* Enums */ = {
			isa = PBXGroup;
			children = (
				BAA05CE92AF2B70900A038A3 /* NavigationLinkItem.swift */,
				BA967EF52B0A3DDC008AB3CF /* JoinRoomError.swift */,
				BA8542A42AFCB5A400434765 /* CreateRoomError.swift */,
			);
			path = Enums;
			sourceTree = "<group>";
		};
/* End PBXGroup section */

/* Begin PBXNativeTarget section */
		BA6CF8C22A1B0A480066B55E /* MusicSync */ = {
			isa = PBXNativeTarget;
			buildConfigurationList = BA6CF8E72A1B0A4A0066B55E /* Build configuration list for PBXNativeTarget "MusicSync" */;
			buildPhases = (
				BA6CF8BF2A1B0A480066B55E /* Sources */,
				BA6CF8C02A1B0A480066B55E /* Frameworks */,
				BA6CF8C12A1B0A480066B55E /* Resources */,
				BA8542A82AFE011B00434765 /* Run SwiftLint */,
				BA967EF72B0A4186008AB3CF /* Run Clashlytics */,
			);
			buildRules = (
			);
			dependencies = (
				BA4660F92B0F9CD800CF7678 /* PBXTargetDependency */,
			);
			name = MusicSync;
			packageProductDependencies = (
				BA6CF8F12A1B0B090066B55E /* FirebaseAnalytics */,
				BA6CF8F32A1B0B090066B55E /* FirebaseAnalyticsOnDeviceConversion */,
				BA6CF8F52A1B0B090066B55E /* FirebaseAnalyticsSwift */,
				BA6CF8F72A1B0B090066B55E /* FirebaseAnalyticsWithoutAdIdSupport */,
				BA6CF8F92A1B0B090066B55E /* FirebaseAppCheck */,
				BA6CF8FB2A1B0B090066B55E /* FirebaseAppDistribution-Beta */,
				BA6CF8FD2A1B0B090066B55E /* FirebaseAuth */,
				BA6CF8FF2A1B0B090066B55E /* FirebaseAuthCombine-Community */,
				BA6CF9012A1B0B090066B55E /* FirebaseCrashlytics */,
				BA6CF9032A1B0B090066B55E /* FirebaseFirestore */,
				BA6CF9052A1B0B090066B55E /* FirebaseFirestoreCombine-Community */,
				BA6CF9072A1B0B090066B55E /* FirebaseFirestoreSwift */,
				BA6CF9092A1B0B090066B55E /* FirebaseInstallations */,
				BA4660F62B0F9C6700CF7678 /* LicenseList */,
				BA70AB992B944B7D0041B369 /* GoogleMobileAds */,
			);
			productName = MusicSync;
			productReference = BA6CF8C32A1B0A480066B55E /* MusicSync.app */;
			productType = "com.apple.product-type.application";
		};
		BA6CF8D22A1B0A4A0066B55E /* MusicSyncTests */ = {
			isa = PBXNativeTarget;
			buildConfigurationList = BA6CF8EA2A1B0A4A0066B55E /* Build configuration list for PBXNativeTarget "MusicSyncTests" */;
			buildPhases = (
				BA6CF8CF2A1B0A4A0066B55E /* Sources */,
				BA6CF8D02A1B0A4A0066B55E /* Frameworks */,
				BA6CF8D12A1B0A4A0066B55E /* Resources */,
			);
			buildRules = (
			);
			dependencies = (
				BA6CF8D52A1B0A4A0066B55E /* PBXTargetDependency */,
			);
			name = MusicSyncTests;
			productName = MusicSyncTests;
			productReference = BA6CF8D32A1B0A4A0066B55E /* MusicSyncTests.xctest */;
			productType = "com.apple.product-type.bundle.unit-test";
		};
		BA6CF8DC2A1B0A4A0066B55E /* MusicSyncUITests */ = {
			isa = PBXNativeTarget;
			buildConfigurationList = BA6CF8ED2A1B0A4A0066B55E /* Build configuration list for PBXNativeTarget "MusicSyncUITests" */;
			buildPhases = (
				BA6CF8D92A1B0A4A0066B55E /* Sources */,
				BA6CF8DA2A1B0A4A0066B55E /* Frameworks */,
				BA6CF8DB2A1B0A4A0066B55E /* Resources */,
			);
			buildRules = (
			);
			dependencies = (
				BA6CF8DF2A1B0A4A0066B55E /* PBXTargetDependency */,
			);
			name = MusicSyncUITests;
			productName = MusicSyncUITests;
			productReference = BA6CF8DD2A1B0A4A0066B55E /* MusicSyncUITests.xctest */;
			productType = "com.apple.product-type.bundle.ui-testing";
		};
		BA7AC8512C6A67C5009B252B /* MusicSync-Develop */ = {
			isa = PBXNativeTarget;
			buildConfigurationList = BA7AC8A02C6A67C5009B252B /* Build configuration list for PBXNativeTarget "MusicSync-Develop" */;
			buildPhases = (
				BA7AC8652C6A67C5009B252B /* Sources */,
				BA7AC8892C6A67C5009B252B /* Frameworks */,
				BA7AC8992C6A67C5009B252B /* Resources */,
				BA7AC89E2C6A67C5009B252B /* Run SwiftLint */,
				BA7AC89F2C6A67C5009B252B /* Run Clashlytics */,
			);
			buildRules = (
			);
			dependencies = (
				BA7AC8522C6A67C5009B252B /* PBXTargetDependency */,
			);
			name = "MusicSync-Develop";
			packageProductDependencies = (
				BA7AC8532C6A67C5009B252B /* FirebaseAnalytics */,
				BA7AC8552C6A67C5009B252B /* FirebaseAnalyticsOnDeviceConversion */,
				BA7AC8562C6A67C5009B252B /* FirebaseAnalyticsSwift */,
				BA7AC8572C6A67C5009B252B /* FirebaseAnalyticsWithoutAdIdSupport */,
				BA7AC8582C6A67C5009B252B /* FirebaseAppCheck */,
				BA7AC8592C6A67C5009B252B /* FirebaseAppDistribution-Beta */,
				BA7AC85A2C6A67C5009B252B /* FirebaseAuth */,
				BA7AC85B2C6A67C5009B252B /* FirebaseAuthCombine-Community */,
				BA7AC85C2C6A67C5009B252B /* FirebaseCrashlytics */,
				BA7AC85D2C6A67C5009B252B /* FirebaseFirestore */,
				BA7AC85E2C6A67C5009B252B /* FirebaseFirestoreCombine-Community */,
				BA7AC85F2C6A67C5009B252B /* FirebaseFirestoreSwift */,
				BA7AC8602C6A67C5009B252B /* FirebaseInstallations */,
				BA7AC8612C6A67C5009B252B /* LicenseList */,
				BA7AC8632C6A67C5009B252B /* GoogleMobileAds */,
			);
			productName = MusicSync;
			productReference = BA7AC8A32C6A67C5009B252B /* MusicSync-Develop.app */;
			productType = "com.apple.product-type.application";
		};
/* End PBXNativeTarget section */

/* Begin PBXProject section */
		BA6CF8BB2A1B0A480066B55E /* Project object */ = {
			isa = PBXProject;
			attributes = {
				BuildIndependentTargetsInParallel = 1;
				LastSwiftUpdateCheck = 1430;
				LastUpgradeCheck = 1500;
				TargetAttributes = {
					BA6CF8C22A1B0A480066B55E = {
						CreatedOnToolsVersion = 14.3;
					};
					BA6CF8D22A1B0A4A0066B55E = {
						CreatedOnToolsVersion = 14.3;
						LastSwiftMigration = 1540;
						TestTargetID = BA6CF8C22A1B0A480066B55E;
					};
					BA6CF8DC2A1B0A4A0066B55E = {
						CreatedOnToolsVersion = 14.3;
						TestTargetID = BA6CF8C22A1B0A480066B55E;
					};
				};
			};
			buildConfigurationList = BA6CF8BE2A1B0A480066B55E /* Build configuration list for PBXProject "MusicSync" */;
			compatibilityVersion = "Xcode 14.0";
			developmentRegion = ja;
			hasScannedForEncodings = 0;
			knownRegions = (
				Base,
				ja,
			);
			mainGroup = BA6CF8BA2A1B0A480066B55E;
			packageReferences = (
				BA6CF8F02A1B0B090066B55E /* XCRemoteSwiftPackageReference "firebase-ios-sdk" */,
				BA4660F52B0F9C6700CF7678 /* XCRemoteSwiftPackageReference "LicenseList" */,
				BA70AB982B944B7D0041B369 /* XCRemoteSwiftPackageReference "swift-package-manager-google-mobile-ads" */,
			);
			productRefGroup = BA6CF8C42A1B0A480066B55E /* Products */;
			projectDirPath = "";
			projectRoot = "";
			targets = (
				BA6CF8C22A1B0A480066B55E /* MusicSync */,
				BA7AC8512C6A67C5009B252B /* MusicSync-Develop */,
				BA6CF8D22A1B0A4A0066B55E /* MusicSyncTests */,
				BA6CF8DC2A1B0A4A0066B55E /* MusicSyncUITests */,
			);
		};
/* End PBXProject section */

/* Begin PBXResourcesBuildPhase section */
		BA6CF8C12A1B0A480066B55E /* Resources */ = {
			isa = PBXResourcesBuildPhase;
			buildActionMask = 2147483647;
			files = (
				BA7AC8A92C6A6B5C009B252B /* GoogleService-Info.plist in Resources */,
				BA6CF8CB2A1B0A490066B55E /* Assets.xcassets in Resources */,
			);
			runOnlyForDeploymentPostprocessing = 0;
		};
		BA6CF8D12A1B0A4A0066B55E /* Resources */ = {
			isa = PBXResourcesBuildPhase;
			buildActionMask = 2147483647;
			files = (
			);
			runOnlyForDeploymentPostprocessing = 0;
		};
		BA6CF8DB2A1B0A4A0066B55E /* Resources */ = {
			isa = PBXResourcesBuildPhase;
			buildActionMask = 2147483647;
			files = (
			);
			runOnlyForDeploymentPostprocessing = 0;
		};
		BA7AC8992C6A67C5009B252B /* Resources */ = {
			isa = PBXResourcesBuildPhase;
			buildActionMask = 2147483647;
			files = (
				BA7AC8AA2C6A6B67009B252B /* GoogleService-Info.plist in Resources */,
				BA7AC89B2C6A67C5009B252B /* Preview Assets.xcassets in Resources */,
				BA7AC89C2C6A67C5009B252B /* Assets.xcassets in Resources */,
			);
			runOnlyForDeploymentPostprocessing = 0;
		};
/* End PBXResourcesBuildPhase section */

/* Begin PBXShellScriptBuildPhase section */
		BA7AC89E2C6A67C5009B252B /* Run SwiftLint */ = {
			isa = PBXShellScriptBuildPhase;
			alwaysOutOfDate = 1;
			buildActionMask = 12;
			files = (
			);
			inputFileListPaths = (
			);
			inputPaths = (
			);
			name = "Run SwiftLint";
			outputFileListPaths = (
			);
			outputPaths = (
			);
			runOnlyForDeploymentPostprocessing = 0;
			shellPath = /bin/sh;
			shellScript = "if which swiftlint >/dev/null; then\n  swiftlint autocorrect --format\n  swiftlint\nelse\n  echo \"SwiftLint does not exist, download from https://github.com/realm/SwiftLint\"\nfi\n";
		};
		BA7AC89F2C6A67C5009B252B /* Run Clashlytics */ = {
			isa = PBXShellScriptBuildPhase;
			alwaysOutOfDate = 1;
			buildActionMask = 2147483647;
			files = (
			);
			inputFileListPaths = (
			);
			inputPaths = (
				"${DWARF_DSYM_FOLDER_PATH}/${DWARF_DSYM_FILE_NAME}/Contents/Resources/DWARF/${TARGET_NAME}",
				"$(SRCROOT)/$(BUILT_PRODUCTS_DIR)/$(INFOPLIST_PATH)",
			);
			name = "Run Clashlytics";
			outputFileListPaths = (
			);
			outputPaths = (
			);
			runOnlyForDeploymentPostprocessing = 0;
			shellPath = /bin/sh;
			shellScript = "# Type a script or drag a script file from your workspace to insert its path.\n\"${BUILD_DIR%/Build/*}/SourcePackages/checkouts/firebase-ios-sdk/Crashlytics/run\"\n";
		};
		BA8542A82AFE011B00434765 /* Run SwiftLint */ = {
			isa = PBXShellScriptBuildPhase;
			alwaysOutOfDate = 1;
			buildActionMask = 12;
			files = (
			);
			inputFileListPaths = (
			);
			inputPaths = (
			);
			name = "Run SwiftLint";
			outputFileListPaths = (
			);
			outputPaths = (
			);
			runOnlyForDeploymentPostprocessing = 0;
			shellPath = /bin/sh;
			shellScript = "if which swiftlint >/dev/null; then\n  swiftlint autocorrect --format\n  swiftlint\nelse\n  echo \"SwiftLint does not exist, download from https://github.com/realm/SwiftLint\"\nfi\n";
		};
		BA967EF72B0A4186008AB3CF /* Run Clashlytics */ = {
			isa = PBXShellScriptBuildPhase;
			alwaysOutOfDate = 1;
			buildActionMask = 2147483647;
			files = (
			);
			inputFileListPaths = (
			);
			inputPaths = (
				"${DWARF_DSYM_FOLDER_PATH}/${DWARF_DSYM_FILE_NAME}/Contents/Resources/DWARF/${TARGET_NAME}",
				"$(SRCROOT)/$(BUILT_PRODUCTS_DIR)/$(INFOPLIST_PATH)",
			);
			name = "Run Clashlytics";
			outputFileListPaths = (
			);
			outputPaths = (
			);
			runOnlyForDeploymentPostprocessing = 0;
			shellPath = /bin/sh;
			shellScript = "# Type a script or drag a script file from your workspace to insert its path.\n\"${BUILD_DIR%/Build/*}/SourcePackages/checkouts/firebase-ios-sdk/Crashlytics/run\"\n";
		};
/* End PBXShellScriptBuildPhase section */

/* Begin PBXSourcesBuildPhase section */
		BA6CF8BF2A1B0A480066B55E /* Sources */ = {
			isa = PBXSourcesBuildPhase;
			buildActionMask = 2147483647;
			files = (
				BA6CF9152A1B0CB00066B55E /* EmailRegisterView.swift in Sources */,
				BA85A17B2A1B10F4009C1CDD /* FirebaseAuthModel.swift in Sources */,
				BA85A17F2A1B114B009C1CDD /* AppleMusicLibraryModel.swift in Sources */,
				BA85A1652A1B0F1C009C1CDD /* CreateRoomView.swift in Sources */,
				BA85A16D2A1B0F9F009C1CDD /* CreatePlaylistView.swift in Sources */,
				BA4660FC2B0F9CFB00CF7678 /* LicenceView.swift in Sources */,
				BA967EEF2B09DA55008AB3CF /* EnterRoomPinViewModel.swift in Sources */,
				BAA05CEA2AF2B70900A038A3 /* NavigationLinkItem.swift in Sources */,
				BA6CF9122A1B0C530066B55E /* SettingView.swift in Sources */,
				BA85A1762A1B107F009C1CDD /* CreatePlaylistViewModel.swift in Sources */,
				BA85A16B2A1B0F7F009C1CDD /* LoadingView.swift in Sources */,
				BA85A1722A1B0FF7009C1CDD /* CreateRoomViewModel.swift in Sources */,
				BA85A15C2A1B0DE5009C1CDD /* LoginView.swift in Sources */,
				BA85A16F2A1B0FB7009C1CDD /* ButtonView.swift in Sources */,
				BA8542A32AFCB14B00434765 /* FirestoreRepository.swift in Sources */,
				BA85A1692A1B0F61009C1CDD /* JoinRoomView.swift in Sources */,
				BA8542A52AFCB5A400434765 /* CreateRoomError.swift in Sources */,
				BA85A15F2A1B0EA7009C1CDD /* NameSettingView.swift in Sources */,
				BA52AA592C53F4D200D10C56 /* HomeViewModel.swift in Sources */,
				BA85A1742A1B1054009C1CDD /* JoinRoomViewModel.swift in Sources */,
				BA85A1832A1B6B20009C1CDD /* GroupButtonView.swift in Sources */,
				BAA05CE82AF2B29C00A038A3 /* EnterRoomPinView.swift in Sources */,
				BA4B85742C5CA0AC0000E24F /* MusicSyncSongModel.swift in Sources */,
				BA785CA72AF368BD0012CF67 /* MemberListCell.swift in Sources */,
				BAA05CED2AF35D8C00A038A3 /* RoundedCorners.swift in Sources */,
				BA967EED2B09D5C0008AB3CF /* NumberButtonView.swift in Sources */,
				BA6CF9192A1B0D180066B55E /* PasswordResetView.swift in Sources */,
				BA70AB9D2B944CD90041B369 /* AdCoodinator.swift in Sources */,
				BA6CF8C72A1B0A480066B55E /* MusicSyncApp.swift in Sources */,
				BA967EF12B09E0A3008AB3CF /* DeleteButtonView.swift in Sources */,
				BA785CB02AF789760012CF67 /* EmailRegisterViewModel.swift in Sources */,
				BA6CF9172A1B0CF90066B55E /* ProvisionalRegistrationView.swift in Sources */,
				BA85A1632A1B0EF2009C1CDD /* HomeView.swift in Sources */,
				BA6CF9102A1B0C280066B55E /* AppleMusicAuthView.swift in Sources */,
				BA967EF62B0A3DDC008AB3CF /* JoinRoomError.swift in Sources */,
			);
			runOnlyForDeploymentPostprocessing = 0;
		};
		BA6CF8CF2A1B0A4A0066B55E /* Sources */ = {
			isa = PBXSourcesBuildPhase;
			buildActionMask = 2147483647;
			files = (
				BA7AC84F2C6A2445009B252B /* MusicSyncSongModelTest.swift in Sources */,
			);
			runOnlyForDeploymentPostprocessing = 0;
		};
		BA6CF8D92A1B0A4A0066B55E /* Sources */ = {
			isa = PBXSourcesBuildPhase;
			buildActionMask = 2147483647;
			files = (
				BA6CF8E22A1B0A4A0066B55E /* MusicSyncUITests.swift in Sources */,
				BA6CF8E42A1B0A4A0066B55E /* MusicSyncUITestsLaunchTests.swift in Sources */,
			);
			runOnlyForDeploymentPostprocessing = 0;
		};
		BA7AC8652C6A67C5009B252B /* Sources */ = {
			isa = PBXSourcesBuildPhase;
			buildActionMask = 2147483647;
			files = (
				BA7AC8662C6A67C5009B252B /* EmailRegisterView.swift in Sources */,
				BA7AC8672C6A67C5009B252B /* FirebaseAuthModel.swift in Sources */,
				BA7AC8682C6A67C5009B252B /* AppleMusicLibraryModel.swift in Sources */,
				BA7AC8692C6A67C5009B252B /* CreateRoomView.swift in Sources */,
				BA7AC86A2C6A67C5009B252B /* CreatePlaylistView.swift in Sources */,
				BA7AC86B2C6A67C5009B252B /* LicenceView.swift in Sources */,
				BA7AC86C2C6A67C5009B252B /* EnterRoomPinViewModel.swift in Sources */,
				BA7AC86D2C6A67C5009B252B /* NavigationLinkItem.swift in Sources */,
				BA7AC86E2C6A67C5009B252B /* SettingView.swift in Sources */,
				BA7AC86F2C6A67C5009B252B /* CreatePlaylistViewModel.swift in Sources */,
				BA7AC8702C6A67C5009B252B /* LoadingView.swift in Sources */,
				BA7AC8712C6A67C5009B252B /* CreateRoomViewModel.swift in Sources */,
				BA7AC8722C6A67C5009B252B /* LoginView.swift in Sources */,
				BA7AC8732C6A67C5009B252B /* ButtonView.swift in Sources */,
				BA7AC8742C6A67C5009B252B /* FirestoreRepository.swift in Sources */,
				BA7AC8752C6A67C5009B252B /* JoinRoomView.swift in Sources */,
				BA7AC8762C6A67C5009B252B /* CreateRoomError.swift in Sources */,
				BA7AC8772C6A67C5009B252B /* NameSettingView.swift in Sources */,
				BA7AC8782C6A67C5009B252B /* HomeViewModel.swift in Sources */,
				BA7AC8792C6A67C5009B252B /* JoinRoomViewModel.swift in Sources */,
				BA7AC87A2C6A67C5009B252B /* GroupButtonView.swift in Sources */,
				BA7AC87B2C6A67C5009B252B /* EnterRoomPinView.swift in Sources */,
				BA7AC87C2C6A67C5009B252B /* MusicSyncSongModel.swift in Sources */,
				BA7AC87D2C6A67C5009B252B /* MemberListCell.swift in Sources */,
				BA7AC87E2C6A67C5009B252B /* RoundedCorners.swift in Sources */,
				BA7AC87F2C6A67C5009B252B /* NumberButtonView.swift in Sources */,
				BA7AC8802C6A67C5009B252B /* PasswordResetView.swift in Sources */,
				BA7AC8812C6A67C5009B252B /* AdCoodinator.swift in Sources */,
				BA7AC8822C6A67C5009B252B /* MusicSyncApp.swift in Sources */,
				BA7AC8832C6A67C5009B252B /* DeleteButtonView.swift in Sources */,
				BA7AC8842C6A67C5009B252B /* EmailRegisterViewModel.swift in Sources */,
				BA7AC8852C6A67C5009B252B /* ProvisionalRegistrationView.swift in Sources */,
				BA7AC8862C6A67C5009B252B /* HomeView.swift in Sources */,
				BA7AC8872C6A67C5009B252B /* AppleMusicAuthView.swift in Sources */,
				BA7AC8882C6A67C5009B252B /* JoinRoomError.swift in Sources */,
			);
			runOnlyForDeploymentPostprocessing = 0;
		};
/* End PBXSourcesBuildPhase section */

/* Begin PBXTargetDependency section */
		BA4660F92B0F9CD800CF7678 /* PBXTargetDependency */ = {
			isa = PBXTargetDependency;
			productRef = BA4660F82B0F9CD800CF7678 /* PrepareLicenseList */;
		};
		BA6CF8D52A1B0A4A0066B55E /* PBXTargetDependency */ = {
			isa = PBXTargetDependency;
			target = BA6CF8C22A1B0A480066B55E /* MusicSync */;
			targetProxy = BA6CF8D42A1B0A4A0066B55E /* PBXContainerItemProxy */;
		};
		BA6CF8DF2A1B0A4A0066B55E /* PBXTargetDependency */ = {
			isa = PBXTargetDependency;
			target = BA6CF8C22A1B0A480066B55E /* MusicSync */;
			targetProxy = BA6CF8DE2A1B0A4A0066B55E /* PBXContainerItemProxy */;
		};
		BA7AC8522C6A67C5009B252B /* PBXTargetDependency */ = {
			isa = PBXTargetDependency;
			productRef = BA4660F82B0F9CD800CF7678 /* PrepareLicenseList */;
		};
/* End PBXTargetDependency section */

/* Begin XCBuildConfiguration section */
		BA6CF8E52A1B0A4A0066B55E /* Debug */ = {
			isa = XCBuildConfiguration;
			buildSettings = {
				ALWAYS_SEARCH_USER_PATHS = NO;
				ASSETCATALOG_COMPILER_GENERATE_SWIFT_ASSET_SYMBOL_EXTENSIONS = YES;
				CLANG_ANALYZER_NONNULL = YES;
				CLANG_ANALYZER_NUMBER_OBJECT_CONVERSION = YES_AGGRESSIVE;
				CLANG_CXX_LANGUAGE_STANDARD = "gnu++20";
				CLANG_ENABLE_MODULES = YES;
				CLANG_ENABLE_OBJC_ARC = YES;
				CLANG_ENABLE_OBJC_WEAK = YES;
				CLANG_WARN_BLOCK_CAPTURE_AUTORELEASING = YES;
				CLANG_WARN_BOOL_CONVERSION = YES;
				CLANG_WARN_COMMA = YES;
				CLANG_WARN_CONSTANT_CONVERSION = YES;
				CLANG_WARN_DEPRECATED_OBJC_IMPLEMENTATIONS = YES;
				CLANG_WARN_DIRECT_OBJC_ISA_USAGE = YES_ERROR;
				CLANG_WARN_DOCUMENTATION_COMMENTS = YES;
				CLANG_WARN_EMPTY_BODY = YES;
				CLANG_WARN_ENUM_CONVERSION = YES;
				CLANG_WARN_INFINITE_RECURSION = YES;
				CLANG_WARN_INT_CONVERSION = YES;
				CLANG_WARN_NON_LITERAL_NULL_CONVERSION = YES;
				CLANG_WARN_OBJC_IMPLICIT_RETAIN_SELF = YES;
				CLANG_WARN_OBJC_LITERAL_CONVERSION = YES;
				CLANG_WARN_OBJC_ROOT_CLASS = YES_ERROR;
				CLANG_WARN_QUOTED_INCLUDE_IN_FRAMEWORK_HEADER = YES;
				CLANG_WARN_RANGE_LOOP_ANALYSIS = YES;
				CLANG_WARN_STRICT_PROTOTYPES = YES;
				CLANG_WARN_SUSPICIOUS_MOVE = YES;
				CLANG_WARN_UNGUARDED_AVAILABILITY = YES_AGGRESSIVE;
				CLANG_WARN_UNREACHABLE_CODE = YES;
				CLANG_WARN__DUPLICATE_METHOD_MATCH = YES;
				COPY_PHASE_STRIP = NO;
				DEBUG_INFORMATION_FORMAT = dwarf;
				ENABLE_STRICT_OBJC_MSGSEND = YES;
				ENABLE_TESTABILITY = YES;
				ENABLE_USER_SCRIPT_SANDBOXING = YES;
				GCC_C_LANGUAGE_STANDARD = gnu11;
				GCC_DYNAMIC_NO_PIC = NO;
				GCC_NO_COMMON_BLOCKS = YES;
				GCC_OPTIMIZATION_LEVEL = 0;
				GCC_PREPROCESSOR_DEFINITIONS = (
					"DEBUG=1",
					"$(inherited)",
				);
				GCC_WARN_64_TO_32_BIT_CONVERSION = YES;
				GCC_WARN_ABOUT_RETURN_TYPE = YES_ERROR;
				GCC_WARN_UNDECLARED_SELECTOR = YES;
				GCC_WARN_UNINITIALIZED_AUTOS = YES_AGGRESSIVE;
				GCC_WARN_UNUSED_FUNCTION = YES;
				GCC_WARN_UNUSED_VARIABLE = YES;
				IPHONEOS_DEPLOYMENT_TARGET = 16.4;
				MTL_ENABLE_DEBUG_INFO = INCLUDE_SOURCE;
				MTL_FAST_MATH = YES;
				ONLY_ACTIVE_ARCH = YES;
				SDKROOT = iphoneos;
				SWIFT_ACTIVE_COMPILATION_CONDITIONS = DEBUG;
				SWIFT_OPTIMIZATION_LEVEL = "-Onone";
			};
			name = Debug;
		};
		BA6CF8E62A1B0A4A0066B55E /* Release */ = {
			isa = XCBuildConfiguration;
			buildSettings = {
				ALWAYS_SEARCH_USER_PATHS = NO;
				ASSETCATALOG_COMPILER_GENERATE_SWIFT_ASSET_SYMBOL_EXTENSIONS = YES;
				CLANG_ANALYZER_NONNULL = YES;
				CLANG_ANALYZER_NUMBER_OBJECT_CONVERSION = YES_AGGRESSIVE;
				CLANG_CXX_LANGUAGE_STANDARD = "gnu++20";
				CLANG_ENABLE_MODULES = YES;
				CLANG_ENABLE_OBJC_ARC = YES;
				CLANG_ENABLE_OBJC_WEAK = YES;
				CLANG_WARN_BLOCK_CAPTURE_AUTORELEASING = YES;
				CLANG_WARN_BOOL_CONVERSION = YES;
				CLANG_WARN_COMMA = YES;
				CLANG_WARN_CONSTANT_CONVERSION = YES;
				CLANG_WARN_DEPRECATED_OBJC_IMPLEMENTATIONS = YES;
				CLANG_WARN_DIRECT_OBJC_ISA_USAGE = YES_ERROR;
				CLANG_WARN_DOCUMENTATION_COMMENTS = YES;
				CLANG_WARN_EMPTY_BODY = YES;
				CLANG_WARN_ENUM_CONVERSION = YES;
				CLANG_WARN_INFINITE_RECURSION = YES;
				CLANG_WARN_INT_CONVERSION = YES;
				CLANG_WARN_NON_LITERAL_NULL_CONVERSION = YES;
				CLANG_WARN_OBJC_IMPLICIT_RETAIN_SELF = YES;
				CLANG_WARN_OBJC_LITERAL_CONVERSION = YES;
				CLANG_WARN_OBJC_ROOT_CLASS = YES_ERROR;
				CLANG_WARN_QUOTED_INCLUDE_IN_FRAMEWORK_HEADER = YES;
				CLANG_WARN_RANGE_LOOP_ANALYSIS = YES;
				CLANG_WARN_STRICT_PROTOTYPES = YES;
				CLANG_WARN_SUSPICIOUS_MOVE = YES;
				CLANG_WARN_UNGUARDED_AVAILABILITY = YES_AGGRESSIVE;
				CLANG_WARN_UNREACHABLE_CODE = YES;
				CLANG_WARN__DUPLICATE_METHOD_MATCH = YES;
				COPY_PHASE_STRIP = NO;
				DEBUG_INFORMATION_FORMAT = "dwarf-with-dsym";
				ENABLE_NS_ASSERTIONS = NO;
				ENABLE_STRICT_OBJC_MSGSEND = YES;
				ENABLE_USER_SCRIPT_SANDBOXING = YES;
				GCC_C_LANGUAGE_STANDARD = gnu11;
				GCC_NO_COMMON_BLOCKS = YES;
				GCC_WARN_64_TO_32_BIT_CONVERSION = YES;
				GCC_WARN_ABOUT_RETURN_TYPE = YES_ERROR;
				GCC_WARN_UNDECLARED_SELECTOR = YES;
				GCC_WARN_UNINITIALIZED_AUTOS = YES_AGGRESSIVE;
				GCC_WARN_UNUSED_FUNCTION = YES;
				GCC_WARN_UNUSED_VARIABLE = YES;
				IPHONEOS_DEPLOYMENT_TARGET = 16.4;
				MTL_ENABLE_DEBUG_INFO = NO;
				MTL_FAST_MATH = YES;
				SDKROOT = iphoneos;
				SWIFT_COMPILATION_MODE = wholemodule;
				SWIFT_OPTIMIZATION_LEVEL = "-O";
				VALIDATE_PRODUCT = YES;
			};
			name = Release;
		};
		BA6CF8E82A1B0A4A0066B55E /* Debug */ = {
			isa = XCBuildConfiguration;
			buildSettings = {
				ASSETCATALOG_COMPILER_APPICON_NAME = AppIcon;
				ASSETCATALOG_COMPILER_GLOBAL_ACCENT_COLOR_NAME = AccentColor;
				CODE_SIGN_STYLE = Automatic;
				CURRENT_PROJECT_VERSION = 1;
				DEBUG_INFORMATION_FORMAT = "dwarf-with-dsym";
				DEVELOPMENT_ASSET_PATHS = "\"MusicSync/Preview Content\"";
				DEVELOPMENT_TEAM = P4P28KTQQK;
				ENABLE_PREVIEWS = YES;
				ENABLE_USER_SCRIPT_SANDBOXING = NO;
				GENERATE_INFOPLIST_FILE = YES;
				INFOPLIST_FILE = MusicSync/Info.plist;
				INFOPLIST_KEY_LSApplicationCategoryType = "public.app-category.music";
				INFOPLIST_KEY_NSAppleMusicUsageDescription = "AppleMusicライブラリ取得のために必要です";
				INFOPLIST_KEY_UIApplicationSceneManifest_Generation = YES;
				INFOPLIST_KEY_UIApplicationSupportsIndirectInputEvents = YES;
				INFOPLIST_KEY_UIRequiresFullScreen = YES;
				INFOPLIST_KEY_UIStatusBarStyle = "";
				INFOPLIST_KEY_UISupportedInterfaceOrientations = "UIInterfaceOrientationPortrait UIInterfaceOrientationPortraitUpsideDown";
				LD_RUNPATH_SEARCH_PATHS = (
					"$(inherited)",
					"@executable_path/Frameworks",
				);
				MARKETING_VERSION = 1.0;
				"OTHER_LDFLAGS[arch=*]" = (
					"-Xlinker",
					"-no_warn_duplicate_libraries",
				);
				PRODUCT_BUNDLE_IDENTIFIER = com.tenya.MusicSync;
				PRODUCT_NAME = "$(TARGET_NAME)";
				SWIFT_EMIT_LOC_STRINGS = YES;
				SWIFT_VERSION = 5.0;
				TARGETED_DEVICE_FAMILY = "1,2";
			};
			name = Debug;
		};
		BA6CF8E92A1B0A4A0066B55E /* Release */ = {
			isa = XCBuildConfiguration;
			buildSettings = {
				ASSETCATALOG_COMPILER_APPICON_NAME = AppIcon;
				ASSETCATALOG_COMPILER_GLOBAL_ACCENT_COLOR_NAME = AccentColor;
				CODE_SIGN_STYLE = Automatic;
				CURRENT_PROJECT_VERSION = 1;
				DEVELOPMENT_ASSET_PATHS = "\"MusicSync/Preview Content\"";
				DEVELOPMENT_TEAM = P4P28KTQQK;
				ENABLE_PREVIEWS = YES;
				ENABLE_USER_SCRIPT_SANDBOXING = NO;
				GENERATE_INFOPLIST_FILE = YES;
				INFOPLIST_FILE = MusicSync/Info.plist;
				INFOPLIST_KEY_LSApplicationCategoryType = "public.app-category.music";
				INFOPLIST_KEY_NSAppleMusicUsageDescription = "AppleMusicライブラリ取得のために必要です";
				INFOPLIST_KEY_UIApplicationSceneManifest_Generation = YES;
				INFOPLIST_KEY_UIApplicationSupportsIndirectInputEvents = YES;
				INFOPLIST_KEY_UIRequiresFullScreen = YES;
				INFOPLIST_KEY_UIStatusBarStyle = "";
				INFOPLIST_KEY_UISupportedInterfaceOrientations = "UIInterfaceOrientationPortrait UIInterfaceOrientationPortraitUpsideDown";
				LD_RUNPATH_SEARCH_PATHS = (
					"$(inherited)",
					"@executable_path/Frameworks",
				);
				MARKETING_VERSION = 1.0;
				PRODUCT_BUNDLE_IDENTIFIER = com.tenya.MusicSync;
				PRODUCT_NAME = "$(TARGET_NAME)";
				SWIFT_EMIT_LOC_STRINGS = YES;
				SWIFT_VERSION = 5.0;
				TARGETED_DEVICE_FAMILY = "1,2";
			};
			name = Release;
		};
		BA6CF8EB2A1B0A4A0066B55E /* Debug */ = {
			isa = XCBuildConfiguration;
			buildSettings = {
				ALWAYS_EMBED_SWIFT_STANDARD_LIBRARIES = YES;
				BUNDLE_LOADER = "$(TEST_HOST)";
				CLANG_ENABLE_MODULES = YES;
				CODE_SIGN_STYLE = Automatic;
				CURRENT_PROJECT_VERSION = 1;
				DEVELOPMENT_TEAM = P4P28KTQQK;
				GENERATE_INFOPLIST_FILE = YES;
				IPHONEOS_DEPLOYMENT_TARGET = 16.4;
				MARKETING_VERSION = 1.0;
				PRODUCT_BUNDLE_IDENTIFIER = com.tenya.MusicSyncTests;
				PRODUCT_NAME = "$(TARGET_NAME)";
				SWIFT_EMIT_LOC_STRINGS = NO;
				SWIFT_OPTIMIZATION_LEVEL = "-Onone";
				SWIFT_VERSION = 5.0;
				TARGETED_DEVICE_FAMILY = "1,2";
				TEST_HOST = "$(BUILT_PRODUCTS_DIR)/MusicSync.app/$(BUNDLE_EXECUTABLE_FOLDER_PATH)/MusicSync";
			};
			name = Debug;
		};
		BA6CF8EC2A1B0A4A0066B55E /* Release */ = {
			isa = XCBuildConfiguration;
			buildSettings = {
				ALWAYS_EMBED_SWIFT_STANDARD_LIBRARIES = YES;
				BUNDLE_LOADER = "$(TEST_HOST)";
				CLANG_ENABLE_MODULES = YES;
				CODE_SIGN_STYLE = Automatic;
				CURRENT_PROJECT_VERSION = 1;
				DEVELOPMENT_TEAM = P4P28KTQQK;
				GENERATE_INFOPLIST_FILE = YES;
				IPHONEOS_DEPLOYMENT_TARGET = 16.4;
				MARKETING_VERSION = 1.0;
				PRODUCT_BUNDLE_IDENTIFIER = com.tenya.MusicSyncTests;
				PRODUCT_NAME = "$(TARGET_NAME)";
				SWIFT_EMIT_LOC_STRINGS = NO;
				SWIFT_VERSION = 5.0;
				TARGETED_DEVICE_FAMILY = "1,2";
				TEST_HOST = "$(BUILT_PRODUCTS_DIR)/MusicSync.app/$(BUNDLE_EXECUTABLE_FOLDER_PATH)/MusicSync";
			};
			name = Release;
		};
		BA6CF8EE2A1B0A4A0066B55E /* Debug */ = {
			isa = XCBuildConfiguration;
			buildSettings = {
				ALWAYS_EMBED_SWIFT_STANDARD_LIBRARIES = YES;
				CODE_SIGN_STYLE = Automatic;
				CURRENT_PROJECT_VERSION = 1;
				DEVELOPMENT_TEAM = P4P28KTQQK;
				GENERATE_INFOPLIST_FILE = YES;
				MARKETING_VERSION = 1.0;
				PRODUCT_BUNDLE_IDENTIFIER = com.tenya.MusicSyncUITests;
				PRODUCT_NAME = "$(TARGET_NAME)";
				SWIFT_EMIT_LOC_STRINGS = NO;
				SWIFT_VERSION = 5.0;
				TARGETED_DEVICE_FAMILY = "1,2";
				TEST_TARGET_NAME = MusicSync;
			};
			name = Debug;
		};
		BA6CF8EF2A1B0A4A0066B55E /* Release */ = {
			isa = XCBuildConfiguration;
			buildSettings = {
				ALWAYS_EMBED_SWIFT_STANDARD_LIBRARIES = YES;
				CODE_SIGN_STYLE = Automatic;
				CURRENT_PROJECT_VERSION = 1;
				DEVELOPMENT_TEAM = P4P28KTQQK;
				GENERATE_INFOPLIST_FILE = YES;
				MARKETING_VERSION = 1.0;
				PRODUCT_BUNDLE_IDENTIFIER = com.tenya.MusicSyncUITests;
				PRODUCT_NAME = "$(TARGET_NAME)";
				SWIFT_EMIT_LOC_STRINGS = NO;
				SWIFT_VERSION = 5.0;
				TARGETED_DEVICE_FAMILY = "1,2";
				TEST_TARGET_NAME = MusicSync;
			};
			name = Release;
		};
		BA7AC8A12C6A67C5009B252B /* Debug */ = {
			isa = XCBuildConfiguration;
			buildSettings = {
				ASSETCATALOG_COMPILER_APPICON_NAME = AppIcon;
				ASSETCATALOG_COMPILER_GLOBAL_ACCENT_COLOR_NAME = AccentColor;
				CODE_SIGN_STYLE = Automatic;
				CURRENT_PROJECT_VERSION = 1;
				DEBUG_INFORMATION_FORMAT = "dwarf-with-dsym";
				DEVELOPMENT_ASSET_PATHS = "\"MusicSync/Preview Content\"";
				DEVELOPMENT_TEAM = P4P28KTQQK;
				ENABLE_PREVIEWS = YES;
				ENABLE_USER_SCRIPT_SANDBOXING = NO;
				GENERATE_INFOPLIST_FILE = YES;
				INFOPLIST_FILE = "MusicSync/Develop-Info.plist";
				INFOPLIST_KEY_LSApplicationCategoryType = "public.app-category.music";
				INFOPLIST_KEY_NSAppleMusicUsageDescription = "AppleMusicライブラリ取得のために必要です";
				INFOPLIST_KEY_UIApplicationSceneManifest_Generation = YES;
				INFOPLIST_KEY_UIApplicationSupportsIndirectInputEvents = YES;
				INFOPLIST_KEY_UIRequiresFullScreen = YES;
				INFOPLIST_KEY_UIStatusBarStyle = "";
				INFOPLIST_KEY_UISupportedInterfaceOrientations = "UIInterfaceOrientationPortrait UIInterfaceOrientationPortraitUpsideDown";
				LD_RUNPATH_SEARCH_PATHS = (
					"$(inherited)",
					"@executable_path/Frameworks",
				);
				MARKETING_VERSION = 1.0;
				"OTHER_LDFLAGS[arch=*]" = (
					"-Xlinker",
					"-no_warn_duplicate_libraries",
				);
				PRODUCT_BUNDLE_IDENTIFIER = com.tenya.MusicSync;
				PRODUCT_NAME = "$(TARGET_NAME)";
				SWIFT_EMIT_LOC_STRINGS = YES;
				SWIFT_VERSION = 5.0;
				TARGETED_DEVICE_FAMILY = "1,2";
			};
			name = Debug;
		};
		BA7AC8A22C6A67C5009B252B /* Release */ = {
			isa = XCBuildConfiguration;
			buildSettings = {
				ASSETCATALOG_COMPILER_APPICON_NAME = AppIcon;
				ASSETCATALOG_COMPILER_GLOBAL_ACCENT_COLOR_NAME = AccentColor;
				CODE_SIGN_STYLE = Automatic;
				CURRENT_PROJECT_VERSION = 1;
				DEVELOPMENT_ASSET_PATHS = "\"MusicSync/Preview Content\"";
				DEVELOPMENT_TEAM = P4P28KTQQK;
				ENABLE_PREVIEWS = YES;
				ENABLE_USER_SCRIPT_SANDBOXING = NO;
				GENERATE_INFOPLIST_FILE = YES;
				INFOPLIST_FILE = "MusicSync/Develop-Info.plist";
				INFOPLIST_KEY_LSApplicationCategoryType = "public.app-category.music";
				INFOPLIST_KEY_NSAppleMusicUsageDescription = "AppleMusicライブラリ取得のために必要です";
				INFOPLIST_KEY_UIApplicationSceneManifest_Generation = YES;
				INFOPLIST_KEY_UIApplicationSupportsIndirectInputEvents = YES;
				INFOPLIST_KEY_UIRequiresFullScreen = YES;
				INFOPLIST_KEY_UIStatusBarStyle = "";
				INFOPLIST_KEY_UISupportedInterfaceOrientations = "UIInterfaceOrientationPortrait UIInterfaceOrientationPortraitUpsideDown";
				LD_RUNPATH_SEARCH_PATHS = (
					"$(inherited)",
					"@executable_path/Frameworks",
				);
				MARKETING_VERSION = 1.0;
				PRODUCT_BUNDLE_IDENTIFIER = com.tenya.MusicSync;
				PRODUCT_NAME = "$(TARGET_NAME)";
				SWIFT_EMIT_LOC_STRINGS = YES;
				SWIFT_VERSION = 5.0;
				TARGETED_DEVICE_FAMILY = "1,2";
			};
			name = Release;
		};
/* End XCBuildConfiguration section */

/* Begin XCConfigurationList section */
		BA6CF8BE2A1B0A480066B55E /* Build configuration list for PBXProject "MusicSync" */ = {
			isa = XCConfigurationList;
			buildConfigurations = (
				BA6CF8E52A1B0A4A0066B55E /* Debug */,
				BA6CF8E62A1B0A4A0066B55E /* Release */,
			);
			defaultConfigurationIsVisible = 0;
			defaultConfigurationName = Release;
		};
		BA6CF8E72A1B0A4A0066B55E /* Build configuration list for PBXNativeTarget "MusicSync" */ = {
			isa = XCConfigurationList;
			buildConfigurations = (
				BA6CF8E82A1B0A4A0066B55E /* Debug */,
				BA6CF8E92A1B0A4A0066B55E /* Release */,
			);
			defaultConfigurationIsVisible = 0;
			defaultConfigurationName = Release;
		};
		BA6CF8EA2A1B0A4A0066B55E /* Build configuration list for PBXNativeTarget "MusicSyncTests" */ = {
			isa = XCConfigurationList;
			buildConfigurations = (
				BA6CF8EB2A1B0A4A0066B55E /* Debug */,
				BA6CF8EC2A1B0A4A0066B55E /* Release */,
			);
			defaultConfigurationIsVisible = 0;
			defaultConfigurationName = Release;
		};
		BA6CF8ED2A1B0A4A0066B55E /* Build configuration list for PBXNativeTarget "MusicSyncUITests" */ = {
			isa = XCConfigurationList;
			buildConfigurations = (
				BA6CF8EE2A1B0A4A0066B55E /* Debug */,
				BA6CF8EF2A1B0A4A0066B55E /* Release */,
			);
			defaultConfigurationIsVisible = 0;
			defaultConfigurationName = Release;
		};
		BA7AC8A02C6A67C5009B252B /* Build configuration list for PBXNativeTarget "MusicSync-Develop" */ = {
			isa = XCConfigurationList;
			buildConfigurations = (
				BA7AC8A12C6A67C5009B252B /* Debug */,
				BA7AC8A22C6A67C5009B252B /* Release */,
			);
			defaultConfigurationIsVisible = 0;
			defaultConfigurationName = Release;
		};
/* End XCConfigurationList section */

/* Begin XCRemoteSwiftPackageReference section */
		BA4660F52B0F9C6700CF7678 /* XCRemoteSwiftPackageReference "LicenseList" */ = {
			isa = XCRemoteSwiftPackageReference;
			repositoryURL = "https://github.com/cybozu/LicenseList";
			requirement = {
				kind = upToNextMajorVersion;
				minimumVersion = 0.4.0;
			};
		};
		BA6CF8F02A1B0B090066B55E /* XCRemoteSwiftPackageReference "firebase-ios-sdk" */ = {
			isa = XCRemoteSwiftPackageReference;
			repositoryURL = "https://github.com/firebase/firebase-ios-sdk.git";
			requirement = {
				kind = upToNextMajorVersion;
				minimumVersion = 10.0.0;
			};
		};
		BA70AB982B944B7D0041B369 /* XCRemoteSwiftPackageReference "swift-package-manager-google-mobile-ads" */ = {
			isa = XCRemoteSwiftPackageReference;
			repositoryURL = "https://github.com/googleads/swift-package-manager-google-mobile-ads.git";
			requirement = {
				kind = upToNextMajorVersion;
				minimumVersion = 11.0.1;
			};
		};
		BA7AC8542C6A67C5009B252B /* XCRemoteSwiftPackageReference "firebase-ios-sdk" */ = {
			isa = XCRemoteSwiftPackageReference;
			repositoryURL = "https://github.com/firebase/firebase-ios-sdk.git";
			requirement = {
				kind = upToNextMajorVersion;
				minimumVersion = 10.0.0;
			};
		};
		BA7AC8622C6A67C5009B252B /* XCRemoteSwiftPackageReference "LicenseList" */ = {
			isa = XCRemoteSwiftPackageReference;
			repositoryURL = "https://github.com/cybozu/LicenseList";
			requirement = {
				kind = upToNextMajorVersion;
				minimumVersion = 0.4.0;
			};
		};
		BA7AC8642C6A67C5009B252B /* XCRemoteSwiftPackageReference "swift-package-manager-google-mobile-ads" */ = {
			isa = XCRemoteSwiftPackageReference;
			repositoryURL = "https://github.com/googleads/swift-package-manager-google-mobile-ads.git";
			requirement = {
				kind = upToNextMajorVersion;
				minimumVersion = 11.0.1;
			};
		};
/* End XCRemoteSwiftPackageReference section */

/* Begin XCSwiftPackageProductDependency section */
		BA4660F62B0F9C6700CF7678 /* LicenseList */ = {
			isa = XCSwiftPackageProductDependency;
			package = BA4660F52B0F9C6700CF7678 /* XCRemoteSwiftPackageReference "LicenseList" */;
			productName = LicenseList;
		};
		BA4660F82B0F9CD800CF7678 /* PrepareLicenseList */ = {
			isa = XCSwiftPackageProductDependency;
			package = BA4660F52B0F9C6700CF7678 /* XCRemoteSwiftPackageReference "LicenseList" */;
			productName = "plugin:PrepareLicenseList";
		};
		BA6CF8F12A1B0B090066B55E /* FirebaseAnalytics */ = {
			isa = XCSwiftPackageProductDependency;
			package = BA6CF8F02A1B0B090066B55E /* XCRemoteSwiftPackageReference "firebase-ios-sdk" */;
			productName = FirebaseAnalytics;
		};
		BA6CF8F32A1B0B090066B55E /* FirebaseAnalyticsOnDeviceConversion */ = {
			isa = XCSwiftPackageProductDependency;
			package = BA6CF8F02A1B0B090066B55E /* XCRemoteSwiftPackageReference "firebase-ios-sdk" */;
			productName = FirebaseAnalyticsOnDeviceConversion;
		};
		BA6CF8F52A1B0B090066B55E /* FirebaseAnalyticsSwift */ = {
			isa = XCSwiftPackageProductDependency;
			package = BA6CF8F02A1B0B090066B55E /* XCRemoteSwiftPackageReference "firebase-ios-sdk" */;
			productName = FirebaseAnalyticsSwift;
		};
		BA6CF8F72A1B0B090066B55E /* FirebaseAnalyticsWithoutAdIdSupport */ = {
			isa = XCSwiftPackageProductDependency;
			package = BA6CF8F02A1B0B090066B55E /* XCRemoteSwiftPackageReference "firebase-ios-sdk" */;
			productName = FirebaseAnalyticsWithoutAdIdSupport;
		};
		BA6CF8F92A1B0B090066B55E /* FirebaseAppCheck */ = {
			isa = XCSwiftPackageProductDependency;
			package = BA6CF8F02A1B0B090066B55E /* XCRemoteSwiftPackageReference "firebase-ios-sdk" */;
			productName = FirebaseAppCheck;
		};
		BA6CF8FB2A1B0B090066B55E /* FirebaseAppDistribution-Beta */ = {
			isa = XCSwiftPackageProductDependency;
			package = BA6CF8F02A1B0B090066B55E /* XCRemoteSwiftPackageReference "firebase-ios-sdk" */;
			productName = "FirebaseAppDistribution-Beta";
		};
		BA6CF8FD2A1B0B090066B55E /* FirebaseAuth */ = {
			isa = XCSwiftPackageProductDependency;
			package = BA6CF8F02A1B0B090066B55E /* XCRemoteSwiftPackageReference "firebase-ios-sdk" */;
			productName = FirebaseAuth;
		};
		BA6CF8FF2A1B0B090066B55E /* FirebaseAuthCombine-Community */ = {
			isa = XCSwiftPackageProductDependency;
			package = BA6CF8F02A1B0B090066B55E /* XCRemoteSwiftPackageReference "firebase-ios-sdk" */;
			productName = "FirebaseAuthCombine-Community";
		};
		BA6CF9012A1B0B090066B55E /* FirebaseCrashlytics */ = {
			isa = XCSwiftPackageProductDependency;
			package = BA6CF8F02A1B0B090066B55E /* XCRemoteSwiftPackageReference "firebase-ios-sdk" */;
			productName = FirebaseCrashlytics;
		};
		BA6CF9032A1B0B090066B55E /* FirebaseFirestore */ = {
			isa = XCSwiftPackageProductDependency;
			package = BA6CF8F02A1B0B090066B55E /* XCRemoteSwiftPackageReference "firebase-ios-sdk" */;
			productName = FirebaseFirestore;
		};
		BA6CF9052A1B0B090066B55E /* FirebaseFirestoreCombine-Community */ = {
			isa = XCSwiftPackageProductDependency;
			package = BA6CF8F02A1B0B090066B55E /* XCRemoteSwiftPackageReference "firebase-ios-sdk" */;
			productName = "FirebaseFirestoreCombine-Community";
		};
		BA6CF9072A1B0B090066B55E /* FirebaseFirestoreSwift */ = {
			isa = XCSwiftPackageProductDependency;
			package = BA6CF8F02A1B0B090066B55E /* XCRemoteSwiftPackageReference "firebase-ios-sdk" */;
			productName = FirebaseFirestoreSwift;
		};
		BA6CF9092A1B0B090066B55E /* FirebaseInstallations */ = {
			isa = XCSwiftPackageProductDependency;
			package = BA6CF8F02A1B0B090066B55E /* XCRemoteSwiftPackageReference "firebase-ios-sdk" */;
			productName = FirebaseInstallations;
		};
		BA70AB992B944B7D0041B369 /* GoogleMobileAds */ = {
			isa = XCSwiftPackageProductDependency;
			package = BA70AB982B944B7D0041B369 /* XCRemoteSwiftPackageReference "swift-package-manager-google-mobile-ads" */;
			productName = GoogleMobileAds;
		};
		BA7AC8532C6A67C5009B252B /* FirebaseAnalytics */ = {
			isa = XCSwiftPackageProductDependency;
			package = BA7AC8542C6A67C5009B252B /* XCRemoteSwiftPackageReference "firebase-ios-sdk" */;
			productName = FirebaseAnalytics;
		};
		BA7AC8552C6A67C5009B252B /* FirebaseAnalyticsOnDeviceConversion */ = {
			isa = XCSwiftPackageProductDependency;
			package = BA7AC8542C6A67C5009B252B /* XCRemoteSwiftPackageReference "firebase-ios-sdk" */;
			productName = FirebaseAnalyticsOnDeviceConversion;
		};
		BA7AC8562C6A67C5009B252B /* FirebaseAnalyticsSwift */ = {
			isa = XCSwiftPackageProductDependency;
			package = BA7AC8542C6A67C5009B252B /* XCRemoteSwiftPackageReference "firebase-ios-sdk" */;
			productName = FirebaseAnalyticsSwift;
		};
		BA7AC8572C6A67C5009B252B /* FirebaseAnalyticsWithoutAdIdSupport */ = {
			isa = XCSwiftPackageProductDependency;
			package = BA7AC8542C6A67C5009B252B /* XCRemoteSwiftPackageReference "firebase-ios-sdk" */;
			productName = FirebaseAnalyticsWithoutAdIdSupport;
		};
		BA7AC8582C6A67C5009B252B /* FirebaseAppCheck */ = {
			isa = XCSwiftPackageProductDependency;
			package = BA7AC8542C6A67C5009B252B /* XCRemoteSwiftPackageReference "firebase-ios-sdk" */;
			productName = FirebaseAppCheck;
		};
		BA7AC8592C6A67C5009B252B /* FirebaseAppDistribution-Beta */ = {
			isa = XCSwiftPackageProductDependency;
			package = BA7AC8542C6A67C5009B252B /* XCRemoteSwiftPackageReference "firebase-ios-sdk" */;
			productName = "FirebaseAppDistribution-Beta";
		};
		BA7AC85A2C6A67C5009B252B /* FirebaseAuth */ = {
			isa = XCSwiftPackageProductDependency;
			package = BA7AC8542C6A67C5009B252B /* XCRemoteSwiftPackageReference "firebase-ios-sdk" */;
			productName = FirebaseAuth;
		};
		BA7AC85B2C6A67C5009B252B /* FirebaseAuthCombine-Community */ = {
			isa = XCSwiftPackageProductDependency;
			package = BA7AC8542C6A67C5009B252B /* XCRemoteSwiftPackageReference "firebase-ios-sdk" */;
			productName = "FirebaseAuthCombine-Community";
		};
		BA7AC85C2C6A67C5009B252B /* FirebaseCrashlytics */ = {
			isa = XCSwiftPackageProductDependency;
			package = BA7AC8542C6A67C5009B252B /* XCRemoteSwiftPackageReference "firebase-ios-sdk" */;
			productName = FirebaseCrashlytics;
		};
		BA7AC85D2C6A67C5009B252B /* FirebaseFirestore */ = {
			isa = XCSwiftPackageProductDependency;
			package = BA7AC8542C6A67C5009B252B /* XCRemoteSwiftPackageReference "firebase-ios-sdk" */;
			productName = FirebaseFirestore;
		};
		BA7AC85E2C6A67C5009B252B /* FirebaseFirestoreCombine-Community */ = {
			isa = XCSwiftPackageProductDependency;
			package = BA7AC8542C6A67C5009B252B /* XCRemoteSwiftPackageReference "firebase-ios-sdk" */;
			productName = "FirebaseFirestoreCombine-Community";
		};
		BA7AC85F2C6A67C5009B252B /* FirebaseFirestoreSwift */ = {
			isa = XCSwiftPackageProductDependency;
			package = BA7AC8542C6A67C5009B252B /* XCRemoteSwiftPackageReference "firebase-ios-sdk" */;
			productName = FirebaseFirestoreSwift;
		};
		BA7AC8602C6A67C5009B252B /* FirebaseInstallations */ = {
			isa = XCSwiftPackageProductDependency;
			package = BA7AC8542C6A67C5009B252B /* XCRemoteSwiftPackageReference "firebase-ios-sdk" */;
			productName = FirebaseInstallations;
		};
		BA7AC8612C6A67C5009B252B /* LicenseList */ = {
			isa = XCSwiftPackageProductDependency;
			package = BA7AC8622C6A67C5009B252B /* XCRemoteSwiftPackageReference "LicenseList" */;
			productName = LicenseList;
		};
		BA7AC8632C6A67C5009B252B /* GoogleMobileAds */ = {
			isa = XCSwiftPackageProductDependency;
			package = BA7AC8642C6A67C5009B252B /* XCRemoteSwiftPackageReference "swift-package-manager-google-mobile-ads" */;
			productName = GoogleMobileAds;
		};
/* End XCSwiftPackageProductDependency section */
	};
	rootObject = BA6CF8BB2A1B0A480066B55E /* Project object */;
}
