// !$*UTF8*$!
{
	archiveVersion = 1;
	classes = {
	};
	objectVersion = 70;
	objects = {

/* Begin PBXBuildFile section */
		BA4660F72B0F9C6700CF7678 /* LicenseList in Frameworks */ = {isa = PBXBuildFile; productRef = BA4660F62B0F9C6700CF7678 /* LicenseList */; };
		BA6CF8F22A1B0B090066B55E /* FirebaseAnalytics in Frameworks */ = {isa = PBXBuildFile; productRef = BA6CF8F12A1B0B090066B55E /* FirebaseAnalytics */; };
		BA6CF8F42A1B0B090066B55E /* FirebaseAnalyticsOnDeviceConversion in Frameworks */ = {isa = PBXBuildFile; productRef = BA6CF8F32A1B0B090066B55E /* FirebaseAnalyticsOnDeviceConversion */; };
		BA6CF8F62A1B0B090066B55E /* FirebaseAnalyticsSwift in Frameworks */ = {isa = PBXBuildFile; productRef = BA6CF8F52A1B0B090066B55E /* FirebaseAnalyticsSwift */; };
		BA6CF8F82A1B0B090066B55E /* FirebaseAnalyticsWithoutAdIdSupport in Frameworks */ = {isa = PBXBuildFile; productRef = BA6CF8F72A1B0B090066B55E /* FirebaseAnalyticsWithoutAdIdSupport */; };
		BA6CF8FA2A1B0B090066B55E /* FirebaseAppCheck in Frameworks */ = {isa = PBXBuildFile; productRef = BA6CF8F92A1B0B090066B55E /* FirebaseAppCheck */; };
		BA6CF8FC2A1B0B090066B55E /* FirebaseAppDistribution-Beta in Frameworks */ = {isa = PBXBuildFile; productRef = BA6CF8FB2A1B0B090066B55E /* FirebaseAppDistribution-Beta */; };
		BA6CF8FE2A1B0B090066B55E /* FirebaseAuth in Frameworks */ = {isa = PBXBuildFile; productRef = BA6CF8FD2A1B0B090066B55E /* FirebaseAuth */; };
		BA6CF9002A1B0B090066B55E /* FirebaseAuthCombine-Community in Frameworks */ = {isa = PBXBuildFile; productRef = BA6CF8FF2A1B0B090066B55E /* FirebaseAuthCombine-Community */; };
		BA6CF9022A1B0B090066B55E /* FirebaseCrashlytics in Frameworks */ = {isa = PBXBuildFile; productRef = BA6CF9012A1B0B090066B55E /* FirebaseCrashlytics */; };
		BA6CF9042A1B0B090066B55E /* FirebaseFirestore in Frameworks */ = {isa = PBXBuildFile; productRef = BA6CF9032A1B0B090066B55E /* FirebaseFirestore */; };
		BA6CF9062A1B0B090066B55E /* FirebaseFirestoreCombine-Community in Frameworks */ = {isa = PBXBuildFile; productRef = BA6CF9052A1B0B090066B55E /* FirebaseFirestoreCombine-Community */; };
		BA6CF9082A1B0B090066B55E /* FirebaseFirestoreSwift in Frameworks */ = {isa = PBXBuildFile; productRef = BA6CF9072A1B0B090066B55E /* FirebaseFirestoreSwift */; };
		BA6CF90A2A1B0B090066B55E /* FirebaseInstallations in Frameworks */ = {isa = PBXBuildFile; productRef = BA6CF9092A1B0B090066B55E /* FirebaseInstallations */; };
		BA70AB9A2B944B7D0041B369 /* GoogleMobileAds in Frameworks */ = {isa = PBXBuildFile; productRef = BA70AB992B944B7D0041B369 /* GoogleMobileAds */; };
		BA7AC88A2C6A67C5009B252B /* LicenseList in Frameworks */ = {isa = PBXBuildFile; productRef = BA7AC8612C6A67C5009B252B /* LicenseList */; };
		BA7AC88B2C6A67C5009B252B /* FirebaseAnalyticsSwift in Frameworks */ = {isa = PBXBuildFile; productRef = BA7AC8562C6A67C5009B252B /* FirebaseAnalyticsSwift */; };
		BA7AC88C2C6A67C5009B252B /* FirebaseAnalytics in Frameworks */ = {isa = PBXBuildFile; productRef = BA7AC8532C6A67C5009B252B /* FirebaseAnalytics */; };
		BA7AC88D2C6A67C5009B252B /* FirebaseInstallations in Frameworks */ = {isa = PBXBuildFile; productRef = BA7AC8602C6A67C5009B252B /* FirebaseInstallations */; };
		BA7AC88E2C6A67C5009B252B /* FirebaseAnalyticsOnDeviceConversion in Frameworks */ = {isa = PBXBuildFile; productRef = BA7AC8552C6A67C5009B252B /* FirebaseAnalyticsOnDeviceConversion */; };
		BA7AC88F2C6A67C5009B252B /* FirebaseFirestore in Frameworks */ = {isa = PBXBuildFile; productRef = BA7AC85D2C6A67C5009B252B /* FirebaseFirestore */; };
		BA7AC8902C6A67C5009B252B /* FirebaseAppCheck in Frameworks */ = {isa = PBXBuildFile; productRef = BA7AC8582C6A67C5009B252B /* FirebaseAppCheck */; };
		BA7AC8912C6A67C5009B252B /* FirebaseFirestoreCombine-Community in Frameworks */ = {isa = PBXBuildFile; productRef = BA7AC85E2C6A67C5009B252B /* FirebaseFirestoreCombine-Community */; };
		BA7AC8922C6A67C5009B252B /* FirebaseAnalyticsWithoutAdIdSupport in Frameworks */ = {isa = PBXBuildFile; productRef = BA7AC8572C6A67C5009B252B /* FirebaseAnalyticsWithoutAdIdSupport */; };
		BA7AC8932C6A67C5009B252B /* FirebaseAuth in Frameworks */ = {isa = PBXBuildFile; productRef = BA7AC85A2C6A67C5009B252B /* FirebaseAuth */; };
		BA7AC8942C6A67C5009B252B /* FirebaseCrashlytics in Frameworks */ = {isa = PBXBuildFile; productRef = BA7AC85C2C6A67C5009B252B /* FirebaseCrashlytics */; };
		BA7AC8952C6A67C5009B252B /* FirebaseAppDistribution-Beta in Frameworks */ = {isa = PBXBuildFile; productRef = BA7AC8592C6A67C5009B252B /* FirebaseAppDistribution-Beta */; };
		BA7AC8962C6A67C5009B252B /* GoogleMobileAds in Frameworks */ = {isa = PBXBuildFile; productRef = BA7AC8632C6A67C5009B252B /* GoogleMobileAds */; };
		BA7AC8972C6A67C5009B252B /* FirebaseAuthCombine-Community in Frameworks */ = {isa = PBXBuildFile; productRef = BA7AC85B2C6A67C5009B252B /* FirebaseAuthCombine-Community */; };
		BA7AC8982C6A67C5009B252B /* FirebaseFirestoreSwift in Frameworks */ = {isa = PBXBuildFile; productRef = BA7AC85F2C6A67C5009B252B /* FirebaseFirestoreSwift */; };
/* End PBXBuildFile section */

/* Begin PBXContainerItemProxy section */
		BA6CF8D42A1B0A4A0066B55E /* PBXContainerItemProxy */ = {
			isa = PBXContainerItemProxy;
			containerPortal = BA6CF8BB2A1B0A480066B55E /* Project object */;
			proxyType = 1;
			remoteGlobalIDString = BA6CF8C22A1B0A480066B55E;
			remoteInfo = MusicSync;
		};
		BA6CF8DE2A1B0A4A0066B55E /* PBXContainerItemProxy */ = {
			isa = PBXContainerItemProxy;
			containerPortal = BA6CF8BB2A1B0A480066B55E /* Project object */;
			proxyType = 1;
			remoteGlobalIDString = BA6CF8C22A1B0A480066B55E;
			remoteInfo = MusicSync;
		};
/* End PBXContainerItemProxy section */

/* Begin PBXFileReference section */
		BA4660FD2B0F9F6700CF7678 /* .gitignore */ = {isa = PBXFileReference; lastKnownFileType = text; path = .gitignore; sourceTree = "<group>"; };
		BA6CF8C32A1B0A480066B55E /* MusicSync.app */ = {isa = PBXFileReference; explicitFileType = wrapper.application; includeInIndex = 0; path = MusicSync.app; sourceTree = BUILT_PRODUCTS_DIR; };
		BA6CF8D32A1B0A4A0066B55E /* MusicSyncTests.xctest */ = {isa = PBXFileReference; explicitFileType = wrapper.cfbundle; includeInIndex = 0; path = MusicSyncTests.xctest; sourceTree = BUILT_PRODUCTS_DIR; };
		BA6CF8DD2A1B0A4A0066B55E /* MusicSyncUITests.xctest */ = {isa = PBXFileReference; explicitFileType = wrapper.cfbundle; includeInIndex = 0; path = MusicSyncUITests.xctest; sourceTree = BUILT_PRODUCTS_DIR; };
		BA7AC8A32C6A67C5009B252B /* MusicSync-Develop.app */ = {isa = PBXFileReference; explicitFileType = wrapper.application; includeInIndex = 0; path = "MusicSync-Develop.app"; sourceTree = BUILT_PRODUCTS_DIR; };
		BA8542AB2AFE1D2800434765 /* .swiftlint.yml */ = {isa = PBXFileReference; lastKnownFileType = text.yaml; path = .swiftlint.yml; sourceTree = "<group>"; };
/* End PBXFileReference section */

/* Begin PBXFileSystemSynchronizedBuildFileExceptionSet section */
		BA73171C2CCE6D860006CAB0 /* PBXFileSystemSynchronizedBuildFileExceptionSet */ = {
			isa = PBXFileSystemSynchronizedBuildFileExceptionSet;
			membershipExceptions = (
				"Develop-Info.plist",
				Info.plist,
				"SupportFile/GoogleService-info/develop/GoogleService-Info.plist",
				"SupportFile/Preview Content/Preview Assets.xcassets",
			);
			target = BA6CF8C22A1B0A480066B55E /* MusicSync */;
		};
		BA73171D2CCE6D860006CAB0 /* PBXFileSystemSynchronizedBuildFileExceptionSet */ = {
			isa = PBXFileSystemSynchronizedBuildFileExceptionSet;
			membershipExceptions = (
				"Develop-Info.plist",
				Info.plist,
				"SupportFile/GoogleService-info/release/GoogleService-Info.plist",
			);
			target = BA7AC8512C6A67C5009B252B /* MusicSync-Develop */;
		};
/* End PBXFileSystemSynchronizedBuildFileExceptionSet section */

/* Begin PBXFileSystemSynchronizedRootGroup section */
		BA7316812CCE6CC80006CAB0 /* MusicSyncTests */ = {isa = PBXFileSystemSynchronizedRootGroup; explicitFileTypes = {}; explicitFolders = (); path = MusicSyncTests; sourceTree = "<group>"; };
		BA7316C52CCE6D860006CAB0 /* MusicSync */ = {isa = PBXFileSystemSynchronizedRootGroup; exceptions = (BA73171C2CCE6D860006CAB0 /* PBXFileSystemSynchronizedBuildFileExceptionSet */, BA73171D2CCE6D860006CAB0 /* PBXFileSystemSynchronizedBuildFileExceptionSet */, ); explicitFileTypes = {}; explicitFolders = (); path = MusicSync; sourceTree = "<group>"; };
/* End PBXFileSystemSynchronizedRootGroup section */

/* Begin PBXFrameworksBuildPhase section */
		BA6CF8C02A1B0A480066B55E /* Frameworks */ = {
			isa = PBXFrameworksBuildPhase;
			buildActionMask = 2147483647;
			files = (
				BA4660F72B0F9C6700CF7678 /* LicenseList in Frameworks */,
				BA6CF8F62A1B0B090066B55E /* FirebaseAnalyticsSwift in Frameworks */,
				BA6CF8F22A1B0B090066B55E /* FirebaseAnalytics in Frameworks */,
				BA6CF90A2A1B0B090066B55E /* FirebaseInstallations in Frameworks */,
				BA6CF8F42A1B0B090066B55E /* FirebaseAnalyticsOnDeviceConversion in Frameworks */,
				BA6CF9042A1B0B090066B55E /* FirebaseFirestore in Frameworks */,
				BA6CF8FA2A1B0B090066B55E /* FirebaseAppCheck in Frameworks */,
				BA6CF9062A1B0B090066B55E /* FirebaseFirestoreCombine-Community in Frameworks */,
				BA6CF8F82A1B0B090066B55E /* FirebaseAnalyticsWithoutAdIdSupport in Frameworks */,
				BA6CF8FE2A1B0B090066B55E /* FirebaseAuth in Frameworks */,
				BA6CF9022A1B0B090066B55E /* FirebaseCrashlytics in Frameworks */,
				BA6CF8FC2A1B0B090066B55E /* FirebaseAppDistribution-Beta in Frameworks */,
				BA70AB9A2B944B7D0041B369 /* GoogleMobileAds in Frameworks */,
				BA6CF9002A1B0B090066B55E /* FirebaseAuthCombine-Community in Frameworks */,
				BA6CF9082A1B0B090066B55E /* FirebaseFirestoreSwift in Frameworks */,
			);
			runOnlyForDeploymentPostprocessing = 0;
		};
		BA6CF8D02A1B0A4A0066B55E /* Frameworks */ = {
			isa = PBXFrameworksBuildPhase;
			buildActionMask = 2147483647;
			files = (
			);
			runOnlyForDeploymentPostprocessing = 0;
		};
		BA6CF8DA2A1B0A4A0066B55E /* Frameworks */ = {
			isa = PBXFrameworksBuildPhase;
			buildActionMask = 2147483647;
			files = (
			);
			runOnlyForDeploymentPostprocessing = 0;
		};
		BA7AC8892C6A67C5009B252B /* Frameworks */ = {
			isa = PBXFrameworksBuildPhase;
			buildActionMask = 2147483647;
			files = (
				BA7AC88A2C6A67C5009B252B /* LicenseList in Frameworks */,
				BA7AC88B2C6A67C5009B252B /* FirebaseAnalyticsSwift in Frameworks */,
				BA7AC88C2C6A67C5009B252B /* FirebaseAnalytics in Frameworks */,
				BA7AC88D2C6A67C5009B252B /* FirebaseInstallations in Frameworks */,
				BA7AC88E2C6A67C5009B252B /* FirebaseAnalyticsOnDeviceConversion in Frameworks */,
				BA7AC88F2C6A67C5009B252B /* FirebaseFirestore in Frameworks */,
				BA7AC8902C6A67C5009B252B /* FirebaseAppCheck in Frameworks */,
				BA7AC8912C6A67C5009B252B /* FirebaseFirestoreCombine-Community in Frameworks */,
				BA7AC8922C6A67C5009B252B /* FirebaseAnalyticsWithoutAdIdSupport in Frameworks */,
				BA7AC8932C6A67C5009B252B /* FirebaseAuth in Frameworks */,
				BA7AC8942C6A67C5009B252B /* FirebaseCrashlytics in Frameworks */,
				BA7AC8952C6A67C5009B252B /* FirebaseAppDistribution-Beta in Frameworks */,
				BA7AC8962C6A67C5009B252B /* GoogleMobileAds in Frameworks */,
				BA7AC8972C6A67C5009B252B /* FirebaseAuthCombine-Community in Frameworks */,
				BA7AC8982C6A67C5009B252B /* FirebaseFirestoreSwift in Frameworks */,
			);
			runOnlyForDeploymentPostprocessing = 0;
		};
/* End PBXFrameworksBuildPhase section */

/* Begin PBXGroup section */
		BA6CF8BA2A1B0A480066B55E = {
			isa = PBXGroup;
			children = (
				BA8542AB2AFE1D2800434765 /* .swiftlint.yml */,
				BA4660FD2B0F9F6700CF7678 /* .gitignore */,
				BA7316C52CCE6D860006CAB0 /* MusicSync */,
				BA7316812CCE6CC80006CAB0 /* MusicSyncTests */,
				BA6CF8C42A1B0A480066B55E /* Products */,
			);
			sourceTree = "<group>";
		};
		BA6CF8C42A1B0A480066B55E /* Products */ = {
			isa = PBXGroup;
			children = (
				BA6CF8C32A1B0A480066B55E /* MusicSync.app */,
				BA6CF8D32A1B0A4A0066B55E /* MusicSyncTests.xctest */,
				BA6CF8DD2A1B0A4A0066B55E /* MusicSyncUITests.xctest */,
				BA7AC8A32C6A67C5009B252B /* MusicSync-Develop.app */,
			);
			name = Products;
			sourceTree = "<group>";
		};
/* End PBXGroup section */

/* Begin PBXNativeTarget section */
		BA6CF8C22A1B0A480066B55E /* MusicSync */ = {
			isa = PBXNativeTarget;
			buildConfigurationList = BA6CF8E72A1B0A4A0066B55E /* Build configuration list for PBXNativeTarget "MusicSync" */;
			buildPhases = (
				BA6CF8BF2A1B0A480066B55E /* Sources */,
				BA6CF8C02A1B0A480066B55E /* Frameworks */,
				BA6CF8C12A1B0A480066B55E /* Resources */,
				BA8542A82AFE011B00434765 /* Run SwiftLint */,
				BA967EF72B0A4186008AB3CF /* Run Clashlytics */,
			);
			buildRules = (
			);
			dependencies = (
				BA4660F92B0F9CD800CF7678 /* PBXTargetDependency */,
			);
			fileSystemSynchronizedGroups = (
				BA7316C52CCE6D860006CAB0 /* MusicSync */,
			);
			name = MusicSync;
			packageProductDependencies = (
				BA6CF8F12A1B0B090066B55E /* FirebaseAnalytics */,
				BA6CF8F32A1B0B090066B55E /* FirebaseAnalyticsOnDeviceConversion */,
				BA6CF8F52A1B0B090066B55E /* FirebaseAnalyticsSwift */,
				BA6CF8F72A1B0B090066B55E /* FirebaseAnalyticsWithoutAdIdSupport */,
				BA6CF8F92A1B0B090066B55E /* FirebaseAppCheck */,
				BA6CF8FB2A1B0B090066B55E /* FirebaseAppDistribution-Beta */,
				BA6CF8FD2A1B0B090066B55E /* FirebaseAuth */,
				BA6CF8FF2A1B0B090066B55E /* FirebaseAuthCombine-Community */,
				BA6CF9012A1B0B090066B55E /* FirebaseCrashlytics */,
				BA6CF9032A1B0B090066B55E /* FirebaseFirestore */,
				BA6CF9052A1B0B090066B55E /* FirebaseFirestoreCombine-Community */,
				BA6CF9072A1B0B090066B55E /* FirebaseFirestoreSwift */,
				BA6CF9092A1B0B090066B55E /* FirebaseInstallations */,
				BA4660F62B0F9C6700CF7678 /* LicenseList */,
				BA70AB992B944B7D0041B369 /* GoogleMobileAds */,
			);
			productName = MusicSync;
			productReference = BA6CF8C32A1B0A480066B55E /* MusicSync.app */;
			productType = "com.apple.product-type.application";
		};
		BA6CF8D22A1B0A4A0066B55E /* MusicSyncTests */ = {
			isa = PBXNativeTarget;
			buildConfigurationList = BA6CF8EA2A1B0A4A0066B55E /* Build configuration list for PBXNativeTarget "MusicSyncTests" */;
			buildPhases = (
				BA6CF8CF2A1B0A4A0066B55E /* Sources */,
				BA6CF8D02A1B0A4A0066B55E /* Frameworks */,
				BA6CF8D12A1B0A4A0066B55E /* Resources */,
			);
			buildRules = (
			);
			dependencies = (
				BA6CF8D52A1B0A4A0066B55E /* PBXTargetDependency */,
			);
			fileSystemSynchronizedGroups = (
				BA7316812CCE6CC80006CAB0 /* MusicSyncTests */,
			);
			name = MusicSyncTests;
			productName = MusicSyncTests;
			productReference = BA6CF8D32A1B0A4A0066B55E /* MusicSyncTests.xctest */;
			productType = "com.apple.product-type.bundle.unit-test";
		};
		BA6CF8DC2A1B0A4A0066B55E /* MusicSyncUITests */ = {
			isa = PBXNativeTarget;
			buildConfigurationList = BA6CF8ED2A1B0A4A0066B55E /* Build configuration list for PBXNativeTarget "MusicSyncUITests" */;
			buildPhases = (
				BA6CF8D92A1B0A4A0066B55E /* Sources */,
				BA6CF8DA2A1B0A4A0066B55E /* Frameworks */,
				BA6CF8DB2A1B0A4A0066B55E /* Resources */,
			);
			buildRules = (
			);
			dependencies = (
				BA6CF8DF2A1B0A4A0066B55E /* PBXTargetDependency */,
			);
			name = MusicSyncUITests;
			productName = MusicSyncUITests;
			productReference = BA6CF8DD2A1B0A4A0066B55E /* MusicSyncUITests.xctest */;
			productType = "com.apple.product-type.bundle.ui-testing";
		};
		BA7AC8512C6A67C5009B252B /* MusicSync-Develop */ = {
			isa = PBXNativeTarget;
			buildConfigurationList = BA7AC8A02C6A67C5009B252B /* Build configuration list for PBXNativeTarget "MusicSync-Develop" */;
			buildPhases = (
				BA7AC8652C6A67C5009B252B /* Sources */,
				BA7AC8892C6A67C5009B252B /* Frameworks */,
				BA7AC8992C6A67C5009B252B /* Resources */,
				BA7AC89E2C6A67C5009B252B /* Run SwiftLint */,
				BA7AC89F2C6A67C5009B252B /* Run Clashlytics */,
			);
			buildRules = (
			);
			dependencies = (
				BA7AC8522C6A67C5009B252B /* PBXTargetDependency */,
			);
			fileSystemSynchronizedGroups = (
				BA7316C52CCE6D860006CAB0 /* MusicSync */,
			);
			name = "MusicSync-Develop";
			packageProductDependencies = (
				BA7AC8532C6A67C5009B252B /* FirebaseAnalytics */,
				BA7AC8552C6A67C5009B252B /* FirebaseAnalyticsOnDeviceConversion */,
				BA7AC8562C6A67C5009B252B /* FirebaseAnalyticsSwift */,
				BA7AC8572C6A67C5009B252B /* FirebaseAnalyticsWithoutAdIdSupport */,
				BA7AC8582C6A67C5009B252B /* FirebaseAppCheck */,
				BA7AC8592C6A67C5009B252B /* FirebaseAppDistribution-Beta */,
				BA7AC85A2C6A67C5009B252B /* FirebaseAuth */,
				BA7AC85B2C6A67C5009B252B /* FirebaseAuthCombine-Community */,
				BA7AC85C2C6A67C5009B252B /* FirebaseCrashlytics */,
				BA7AC85D2C6A67C5009B252B /* FirebaseFirestore */,
				BA7AC85E2C6A67C5009B252B /* FirebaseFirestoreCombine-Community */,
				BA7AC85F2C6A67C5009B252B /* FirebaseFirestoreSwift */,
				BA7AC8602C6A67C5009B252B /* FirebaseInstallations */,
				BA7AC8612C6A67C5009B252B /* LicenseList */,
				BA7AC8632C6A67C5009B252B /* GoogleMobileAds */,
			);
			productName = MusicSync;
			productReference = BA7AC8A32C6A67C5009B252B /* MusicSync-Develop.app */;
			productType = "com.apple.product-type.application";
		};
/* End PBXNativeTarget section */

/* Begin PBXProject section */
		BA6CF8BB2A1B0A480066B55E /* Project object */ = {
			isa = PBXProject;
			attributes = {
				BuildIndependentTargetsInParallel = 1;
				LastSwiftUpdateCheck = 1430;
				LastUpgradeCheck = 1600;
				TargetAttributes = {
					BA6CF8C22A1B0A480066B55E = {
						CreatedOnToolsVersion = 14.3;
					};
					BA6CF8D22A1B0A4A0066B55E = {
						CreatedOnToolsVersion = 14.3;
						LastSwiftMigration = 1540;
						TestTargetID = BA6CF8C22A1B0A480066B55E;
					};
					BA6CF8DC2A1B0A4A0066B55E = {
						CreatedOnToolsVersion = 14.3;
						TestTargetID = BA6CF8C22A1B0A480066B55E;
					};
				};
			};
			buildConfigurationList = BA6CF8BE2A1B0A480066B55E /* Build configuration list for PBXProject "MusicSync" */;
			compatibilityVersion = "Xcode 14.0";
			developmentRegion = ja;
			hasScannedForEncodings = 0;
			knownRegions = (
				Base,
				ja,
			);
			mainGroup = BA6CF8BA2A1B0A480066B55E;
			packageReferences = (
				BA6CF8F02A1B0B090066B55E /* XCRemoteSwiftPackageReference "firebase-ios-sdk" */,
				BA4660F52B0F9C6700CF7678 /* XCRemoteSwiftPackageReference "LicenseList" */,
				BA70AB982B944B7D0041B369 /* XCRemoteSwiftPackageReference "swift-package-manager-google-mobile-ads" */,
			);
			productRefGroup = BA6CF8C42A1B0A480066B55E /* Products */;
			projectDirPath = "";
			projectRoot = "";
			targets = (
				BA6CF8C22A1B0A480066B55E /* MusicSync */,
				BA7AC8512C6A67C5009B252B /* MusicSync-Develop */,
				BA6CF8D22A1B0A4A0066B55E /* MusicSyncTests */,
				BA6CF8DC2A1B0A4A0066B55E /* MusicSyncUITests */,
			);
		};
/* End PBXProject section */

/* Begin PBXResourcesBuildPhase section */
		BA6CF8C12A1B0A480066B55E /* Resources */ = {
			isa = PBXResourcesBuildPhase;
			buildActionMask = 2147483647;
			files = (
			);
			runOnlyForDeploymentPostprocessing = 0;
		};
		BA6CF8D12A1B0A4A0066B55E /* Resources */ = {
			isa = PBXResourcesBuildPhase;
			buildActionMask = 2147483647;
			files = (
			);
			runOnlyForDeploymentPostprocessing = 0;
		};
		BA6CF8DB2A1B0A4A0066B55E /* Resources */ = {
			isa = PBXResourcesBuildPhase;
			buildActionMask = 2147483647;
			files = (
			);
			runOnlyForDeploymentPostprocessing = 0;
		};
		BA7AC8992C6A67C5009B252B /* Resources */ = {
			isa = PBXResourcesBuildPhase;
			buildActionMask = 2147483647;
			files = (
			);
			runOnlyForDeploymentPostprocessing = 0;
		};
/* End PBXResourcesBuildPhase section */

/* Begin PBXShellScriptBuildPhase section */
		BA7AC89E2C6A67C5009B252B /* Run SwiftLint */ = {
			isa = PBXShellScriptBuildPhase;
			alwaysOutOfDate = 1;
			buildActionMask = 12;
			files = (
			);
			inputFileListPaths = (
			);
			inputPaths = (
			);
			name = "Run SwiftLint";
			outputFileListPaths = (
			);
			outputPaths = (
			);
			runOnlyForDeploymentPostprocessing = 0;
			shellPath = /bin/sh;
			shellScript = "if which swiftlint >/dev/null; then\n  swiftlint autocorrect --format\n  swiftlint\nelse\n  echo \"SwiftLint does not exist, download from https://github.com/realm/SwiftLint\"\nfi\n";
		};
		BA7AC89F2C6A67C5009B252B /* Run Clashlytics */ = {
			isa = PBXShellScriptBuildPhase;
			alwaysOutOfDate = 1;
			buildActionMask = 2147483647;
			files = (
			);
			inputFileListPaths = (
			);
			inputPaths = (
				"${DWARF_DSYM_FOLDER_PATH}/${DWARF_DSYM_FILE_NAME}/Contents/Resources/DWARF/${TARGET_NAME}",
				"$(SRCROOT)/$(BUILT_PRODUCTS_DIR)/$(INFOPLIST_PATH)",
			);
			name = "Run Clashlytics";
			outputFileListPaths = (
			);
			outputPaths = (
			);
			runOnlyForDeploymentPostprocessing = 0;
			shellPath = /bin/sh;
			shellScript = "# Type a script or drag a script file from your workspace to insert its path.\n\"${BUILD_DIR%/Build/*}/SourcePackages/checkouts/firebase-ios-sdk/Crashlytics/run\"\n";
		};
		BA8542A82AFE011B00434765 /* Run SwiftLint */ = {
			isa = PBXShellScriptBuildPhase;
			alwaysOutOfDate = 1;
			buildActionMask = 12;
			files = (
			);
			inputFileListPaths = (
			);
			inputPaths = (
			);
			name = "Run SwiftLint";
			outputFileListPaths = (
			);
			outputPaths = (
			);
			runOnlyForDeploymentPostprocessing = 0;
			shellPath = /bin/sh;
			shellScript = "if which swiftlint >/dev/null; then\n  swiftlint autocorrect --format\n  swiftlint\nelse\n  echo \"SwiftLint does not exist, download from https://github.com/realm/SwiftLint\"\nfi\n";
		};
		BA967EF72B0A4186008AB3CF /* Run Clashlytics */ = {
			isa = PBXShellScriptBuildPhase;
			alwaysOutOfDate = 1;
			buildActionMask = 2147483647;
			files = (
			);
			inputFileListPaths = (
			);
			inputPaths = (
				"${DWARF_DSYM_FOLDER_PATH}/${DWARF_DSYM_FILE_NAME}/Contents/Resources/DWARF/${TARGET_NAME}",
				"$(SRCROOT)/$(BUILT_PRODUCTS_DIR)/$(INFOPLIST_PATH)",
			);
			name = "Run Clashlytics";
			outputFileListPaths = (
			);
			outputPaths = (
			);
			runOnlyForDeploymentPostprocessing = 0;
			shellPath = /bin/sh;
			shellScript = "# Type a script or drag a script file from your workspace to insert its path.\n\"${BUILD_DIR%/Build/*}/SourcePackages/checkouts/firebase-ios-sdk/Crashlytics/run\"\n";
		};
/* End PBXShellScriptBuildPhase section */

/* Begin PBXSourcesBuildPhase section */
		BA6CF8BF2A1B0A480066B55E /* Sources */ = {
			isa = PBXSourcesBuildPhase;
			buildActionMask = 2147483647;
			files = (
			);
			runOnlyForDeploymentPostprocessing = 0;
		};
		BA6CF8CF2A1B0A4A0066B55E /* Sources */ = {
			isa = PBXSourcesBuildPhase;
			buildActionMask = 2147483647;
			files = (
			);
			runOnlyForDeploymentPostprocessing = 0;
		};
		BA6CF8D92A1B0A4A0066B55E /* Sources */ = {
			isa = PBXSourcesBuildPhase;
			buildActionMask = 2147483647;
			files = (
			);
			runOnlyForDeploymentPostprocessing = 0;
		};
		BA7AC8652C6A67C5009B252B /* Sources */ = {
			isa = PBXSourcesBuildPhase;
			buildActionMask = 2147483647;
			files = (
			);
			runOnlyForDeploymentPostprocessing = 0;
		};
/* End PBXSourcesBuildPhase section */

/* Begin PBXTargetDependency section */
		BA4660F92B0F9CD800CF7678 /* PBXTargetDependency */ = {
			isa = PBXTargetDependency;
			productRef = BA4660F82B0F9CD800CF7678 /* PrepareLicenseList */;
		};
		BA6CF8D52A1B0A4A0066B55E /* PBXTargetDependency */ = {
			isa = PBXTargetDependency;
			target = BA6CF8C22A1B0A480066B55E /* MusicSync */;
			targetProxy = BA6CF8D42A1B0A4A0066B55E /* PBXContainerItemProxy */;
		};
		BA6CF8DF2A1B0A4A0066B55E /* PBXTargetDependency */ = {
			isa = PBXTargetDependency;
			target = BA6CF8C22A1B0A480066B55E /* MusicSync */;
			targetProxy = BA6CF8DE2A1B0A4A0066B55E /* PBXContainerItemProxy */;
		};
		BA7AC8522C6A67C5009B252B /* PBXTargetDependency */ = {
			isa = PBXTargetDependency;
			productRef = BA4660F82B0F9CD800CF7678 /* PrepareLicenseList */;
		};
/* End PBXTargetDependency section */

/* Begin XCBuildConfiguration section */
		BA6CF8E52A1B0A4A0066B55E /* Debug */ = {
			isa = XCBuildConfiguration;
			buildSettings = {
				ALWAYS_SEARCH_USER_PATHS = NO;
				ASSETCATALOG_COMPILER_GENERATE_SWIFT_ASSET_SYMBOL_EXTENSIONS = YES;
				CLANG_ANALYZER_NONNULL = YES;
				CLANG_ANALYZER_NUMBER_OBJECT_CONVERSION = YES_AGGRESSIVE;
				CLANG_CXX_LANGUAGE_STANDARD = "gnu++20";
				CLANG_ENABLE_MODULES = YES;
				CLANG_ENABLE_OBJC_ARC = YES;
				CLANG_ENABLE_OBJC_WEAK = YES;
				CLANG_WARN_BLOCK_CAPTURE_AUTORELEASING = YES;
				CLANG_WARN_BOOL_CONVERSION = YES;
				CLANG_WARN_COMMA = YES;
				CLANG_WARN_CONSTANT_CONVERSION = YES;
				CLANG_WARN_DEPRECATED_OBJC_IMPLEMENTATIONS = YES;
				CLANG_WARN_DIRECT_OBJC_ISA_USAGE = YES_ERROR;
				CLANG_WARN_DOCUMENTATION_COMMENTS = YES;
				CLANG_WARN_EMPTY_BODY = YES;
				CLANG_WARN_ENUM_CONVERSION = YES;
				CLANG_WARN_INFINITE_RECURSION = YES;
				CLANG_WARN_INT_CONVERSION = YES;
				CLANG_WARN_NON_LITERAL_NULL_CONVERSION = YES;
				CLANG_WARN_OBJC_IMPLICIT_RETAIN_SELF = YES;
				CLANG_WARN_OBJC_LITERAL_CONVERSION = YES;
				CLANG_WARN_OBJC_ROOT_CLASS = YES_ERROR;
				CLANG_WARN_QUOTED_INCLUDE_IN_FRAMEWORK_HEADER = YES;
				CLANG_WARN_RANGE_LOOP_ANALYSIS = YES;
				CLANG_WARN_STRICT_PROTOTYPES = YES;
				CLANG_WARN_SUSPICIOUS_MOVE = YES;
				CLANG_WARN_UNGUARDED_AVAILABILITY = YES_AGGRESSIVE;
				CLANG_WARN_UNREACHABLE_CODE = YES;
				CLANG_WARN__DUPLICATE_METHOD_MATCH = YES;
				COPY_PHASE_STRIP = NO;
				DEBUG_INFORMATION_FORMAT = dwarf;
				ENABLE_STRICT_OBJC_MSGSEND = YES;
				ENABLE_TESTABILITY = YES;
				ENABLE_USER_SCRIPT_SANDBOXING = YES;
				GCC_C_LANGUAGE_STANDARD = gnu11;
				GCC_DYNAMIC_NO_PIC = NO;
				GCC_NO_COMMON_BLOCKS = YES;
				GCC_OPTIMIZATION_LEVEL = 0;
				GCC_PREPROCESSOR_DEFINITIONS = (
					"DEBUG=1",
					"$(inherited)",
				);
				GCC_WARN_64_TO_32_BIT_CONVERSION = YES;
				GCC_WARN_ABOUT_RETURN_TYPE = YES_ERROR;
				GCC_WARN_UNDECLARED_SELECTOR = YES;
				GCC_WARN_UNINITIALIZED_AUTOS = YES_AGGRESSIVE;
				GCC_WARN_UNUSED_FUNCTION = YES;
				GCC_WARN_UNUSED_VARIABLE = YES;
				IPHONEOS_DEPLOYMENT_TARGET = 16.4;
				MTL_ENABLE_DEBUG_INFO = INCLUDE_SOURCE;
				MTL_FAST_MATH = YES;
				ONLY_ACTIVE_ARCH = YES;
				SDKROOT = iphoneos;
				SWIFT_ACTIVE_COMPILATION_CONDITIONS = DEBUG;
				SWIFT_OPTIMIZATION_LEVEL = "-Onone";
			};
			name = Debug;
		};
		BA6CF8E62A1B0A4A0066B55E /* Release */ = {
			isa = XCBuildConfiguration;
			buildSettings = {
				ALWAYS_SEARCH_USER_PATHS = NO;
				ASSETCATALOG_COMPILER_GENERATE_SWIFT_ASSET_SYMBOL_EXTENSIONS = YES;
				CLANG_ANALYZER_NONNULL = YES;
				CLANG_ANALYZER_NUMBER_OBJECT_CONVERSION = YES_AGGRESSIVE;
				CLANG_CXX_LANGUAGE_STANDARD = "gnu++20";
				CLANG_ENABLE_MODULES = YES;
				CLANG_ENABLE_OBJC_ARC = YES;
				CLANG_ENABLE_OBJC_WEAK = YES;
				CLANG_WARN_BLOCK_CAPTURE_AUTORELEASING = YES;
				CLANG_WARN_BOOL_CONVERSION = YES;
				CLANG_WARN_COMMA = YES;
				CLANG_WARN_CONSTANT_CONVERSION = YES;
				CLANG_WARN_DEPRECATED_OBJC_IMPLEMENTATIONS = YES;
				CLANG_WARN_DIRECT_OBJC_ISA_USAGE = YES_ERROR;
				CLANG_WARN_DOCUMENTATION_COMMENTS = YES;
				CLANG_WARN_EMPTY_BODY = YES;
				CLANG_WARN_ENUM_CONVERSION = YES;
				CLANG_WARN_INFINITE_RECURSION = YES;
				CLANG_WARN_INT_CONVERSION = YES;
				CLANG_WARN_NON_LITERAL_NULL_CONVERSION = YES;
				CLANG_WARN_OBJC_IMPLICIT_RETAIN_SELF = YES;
				CLANG_WARN_OBJC_LITERAL_CONVERSION = YES;
				CLANG_WARN_OBJC_ROOT_CLASS = YES_ERROR;
				CLANG_WARN_QUOTED_INCLUDE_IN_FRAMEWORK_HEADER = YES;
				CLANG_WARN_RANGE_LOOP_ANALYSIS = YES;
				CLANG_WARN_STRICT_PROTOTYPES = YES;
				CLANG_WARN_SUSPICIOUS_MOVE = YES;
				CLANG_WARN_UNGUARDED_AVAILABILITY = YES_AGGRESSIVE;
				CLANG_WARN_UNREACHABLE_CODE = YES;
				CLANG_WARN__DUPLICATE_METHOD_MATCH = YES;
				COPY_PHASE_STRIP = NO;
				DEBUG_INFORMATION_FORMAT = "dwarf-with-dsym";
				ENABLE_NS_ASSERTIONS = NO;
				ENABLE_STRICT_OBJC_MSGSEND = YES;
				ENABLE_USER_SCRIPT_SANDBOXING = YES;
				GCC_C_LANGUAGE_STANDARD = gnu11;
				GCC_NO_COMMON_BLOCKS = YES;
				GCC_WARN_64_TO_32_BIT_CONVERSION = YES;
				GCC_WARN_ABOUT_RETURN_TYPE = YES_ERROR;
				GCC_WARN_UNDECLARED_SELECTOR = YES;
				GCC_WARN_UNINITIALIZED_AUTOS = YES_AGGRESSIVE;
				GCC_WARN_UNUSED_FUNCTION = YES;
				GCC_WARN_UNUSED_VARIABLE = YES;
				IPHONEOS_DEPLOYMENT_TARGET = 16.4;
				MTL_ENABLE_DEBUG_INFO = NO;
				MTL_FAST_MATH = YES;
				SDKROOT = iphoneos;
				SWIFT_COMPILATION_MODE = wholemodule;
				SWIFT_OPTIMIZATION_LEVEL = "-O";
				VALIDATE_PRODUCT = YES;
			};
			name = Release;
		};
		BA6CF8E82A1B0A4A0066B55E /* Debug */ = {
			isa = XCBuildConfiguration;
			buildSettings = {
				ASSETCATALOG_COMPILER_APPICON_NAME = AppIcon;
				ASSETCATALOG_COMPILER_GLOBAL_ACCENT_COLOR_NAME = AccentColor;
				CODE_SIGN_STYLE = Automatic;
				CURRENT_PROJECT_VERSION = 1;
				DEBUG_INFORMATION_FORMAT = "dwarf-with-dsym";
				DEVELOPMENT_ASSET_PATHS = "";
				DEVELOPMENT_TEAM = P4P28KTQQK;
				ENABLE_PREVIEWS = YES;
				ENABLE_USER_SCRIPT_SANDBOXING = NO;
				GENERATE_INFOPLIST_FILE = YES;
				INFOPLIST_FILE = MusicSync/Info.plist;
				INFOPLIST_KEY_LSApplicationCategoryType = "public.app-category.music";
				INFOPLIST_KEY_NSAppleMusicUsageDescription = "AppleMusicライブラリ取得のために必要です";
				INFOPLIST_KEY_UIApplicationSceneManifest_Generation = YES;
				INFOPLIST_KEY_UIApplicationSupportsIndirectInputEvents = YES;
				INFOPLIST_KEY_UIRequiresFullScreen = YES;
				INFOPLIST_KEY_UIStatusBarStyle = "";
				INFOPLIST_KEY_UISupportedInterfaceOrientations = "UIInterfaceOrientationPortrait UIInterfaceOrientationPortraitUpsideDown";
				IPHONEOS_DEPLOYMENT_TARGET = 17.6;
				LD_RUNPATH_SEARCH_PATHS = (
					"$(inherited)",
					"@executable_path/Frameworks",
				);
				MARKETING_VERSION = 1.0;
				"OTHER_LDFLAGS[arch=*]" = (
					"-Xlinker",
					"-no_warn_duplicate_libraries",
				);
				PRODUCT_BUNDLE_IDENTIFIER = com.tenya.MusicSync;
				PRODUCT_NAME = "$(TARGET_NAME)";
				SWIFT_EMIT_LOC_STRINGS = YES;
				SWIFT_VERSION = 6.0;
				TARGETED_DEVICE_FAMILY = "1,2";
			};
			name = Debug;
		};
		BA6CF8E92A1B0A4A0066B55E /* Release */ = {
			isa = XCBuildConfiguration;
			buildSettings = {
				ASSETCATALOG_COMPILER_APPICON_NAME = AppIcon;
				ASSETCATALOG_COMPILER_GLOBAL_ACCENT_COLOR_NAME = AccentColor;
				CODE_SIGN_STYLE = Automatic;
				CURRENT_PROJECT_VERSION = 1;
				DEVELOPMENT_ASSET_PATHS = "";
				DEVELOPMENT_TEAM = P4P28KTQQK;
				ENABLE_PREVIEWS = YES;
				ENABLE_USER_SCRIPT_SANDBOXING = NO;
				GENERATE_INFOPLIST_FILE = YES;
				INFOPLIST_FILE = MusicSync/Info.plist;
				INFOPLIST_KEY_LSApplicationCategoryType = "public.app-category.music";
				INFOPLIST_KEY_NSAppleMusicUsageDescription = "AppleMusicライブラリ取得のために必要です";
				INFOPLIST_KEY_UIApplicationSceneManifest_Generation = YES;
				INFOPLIST_KEY_UIApplicationSupportsIndirectInputEvents = YES;
				INFOPLIST_KEY_UIRequiresFullScreen = YES;
				INFOPLIST_KEY_UIStatusBarStyle = "";
				INFOPLIST_KEY_UISupportedInterfaceOrientations = "UIInterfaceOrientationPortrait UIInterfaceOrientationPortraitUpsideDown";
				IPHONEOS_DEPLOYMENT_TARGET = 17.6;
				LD_RUNPATH_SEARCH_PATHS = (
					"$(inherited)",
					"@executable_path/Frameworks",
				);
				MARKETING_VERSION = 1.0;
				PRODUCT_BUNDLE_IDENTIFIER = com.tenya.MusicSync;
				PRODUCT_NAME = "$(TARGET_NAME)";
				SWIFT_EMIT_LOC_STRINGS = YES;
				SWIFT_VERSION = 6.0;
				TARGETED_DEVICE_FAMILY = "1,2";
			};
			name = Release;
		};
		BA6CF8EB2A1B0A4A0066B55E /* Debug */ = {
			isa = XCBuildConfiguration;
			buildSettings = {
				BUNDLE_LOADER = "$(TEST_HOST)";
				CLANG_ENABLE_MODULES = YES;
				CODE_SIGN_STYLE = Automatic;
				CURRENT_PROJECT_VERSION = 1;
				DEVELOPMENT_TEAM = P4P28KTQQK;
				GENERATE_INFOPLIST_FILE = YES;
				IPHONEOS_DEPLOYMENT_TARGET = 17.6;
				MARKETING_VERSION = 1.0;
				PRODUCT_BUNDLE_IDENTIFIER = com.tenya.MusicSyncTests;
				PRODUCT_NAME = "$(TARGET_NAME)";
				SWIFT_EMIT_LOC_STRINGS = NO;
				SWIFT_OPTIMIZATION_LEVEL = "-Onone";
				SWIFT_VERSION = 6.0;
				TARGETED_DEVICE_FAMILY = "1,2";
				TEST_HOST = "$(BUILT_PRODUCTS_DIR)/MusicSync.app/$(BUNDLE_EXECUTABLE_FOLDER_PATH)/MusicSync";
			};
			name = Debug;
		};
		BA6CF8EC2A1B0A4A0066B55E /* Release */ = {
			isa = XCBuildConfiguration;
			buildSettings = {
				BUNDLE_LOADER = "$(TEST_HOST)";
				CLANG_ENABLE_MODULES = YES;
				CODE_SIGN_STYLE = Automatic;
				CURRENT_PROJECT_VERSION = 1;
				DEVELOPMENT_TEAM = P4P28KTQQK;
				GENERATE_INFOPLIST_FILE = YES;
				IPHONEOS_DEPLOYMENT_TARGET = 17.6;
				MARKETING_VERSION = 1.0;
				PRODUCT_BUNDLE_IDENTIFIER = com.tenya.MusicSyncTests;
				PRODUCT_NAME = "$(TARGET_NAME)";
				SWIFT_EMIT_LOC_STRINGS = NO;
				SWIFT_VERSION = 6.0;
				TARGETED_DEVICE_FAMILY = "1,2";
				TEST_HOST = "$(BUILT_PRODUCTS_DIR)/MusicSync.app/$(BUNDLE_EXECUTABLE_FOLDER_PATH)/MusicSync";
			};
			name = Release;
		};
		BA6CF8EE2A1B0A4A0066B55E /* Debug */ = {
			isa = XCBuildConfiguration;
			buildSettings = {
				CODE_SIGN_STYLE = Automatic;
				CURRENT_PROJECT_VERSION = 1;
				DEVELOPMENT_TEAM = P4P28KTQQK;
				GENERATE_INFOPLIST_FILE = YES;
				IPHONEOS_DEPLOYMENT_TARGET = 17.6;
				MARKETING_VERSION = 1.0;
				PRODUCT_BUNDLE_IDENTIFIER = com.tenya.MusicSyncUITests;
				PRODUCT_NAME = "$(TARGET_NAME)";
				SWIFT_EMIT_LOC_STRINGS = NO;
				SWIFT_VERSION = 6.0;
				TARGETED_DEVICE_FAMILY = "1,2";
				TEST_TARGET_NAME = MusicSync;
			};
			name = Debug;
		};
		BA6CF8EF2A1B0A4A0066B55E /* Release */ = {
			isa = XCBuildConfiguration;
			buildSettings = {
				CODE_SIGN_STYLE = Automatic;
				CURRENT_PROJECT_VERSION = 1;
				DEVELOPMENT_TEAM = P4P28KTQQK;
				GENERATE_INFOPLIST_FILE = YES;
				IPHONEOS_DEPLOYMENT_TARGET = 17.6;
				MARKETING_VERSION = 1.0;
				PRODUCT_BUNDLE_IDENTIFIER = com.tenya.MusicSyncUITests;
				PRODUCT_NAME = "$(TARGET_NAME)";
				SWIFT_EMIT_LOC_STRINGS = NO;
				SWIFT_VERSION = 6.0;
				TARGETED_DEVICE_FAMILY = "1,2";
				TEST_TARGET_NAME = MusicSync;
			};
			name = Release;
		};
		BA7AC8A12C6A67C5009B252B /* Debug */ = {
			isa = XCBuildConfiguration;
			buildSettings = {
				ASSETCATALOG_COMPILER_APPICON_NAME = AppIcon;
				ASSETCATALOG_COMPILER_GLOBAL_ACCENT_COLOR_NAME = AccentColor;
				CODE_SIGN_STYLE = Automatic;
				CURRENT_PROJECT_VERSION = 1;
				DEBUG_INFORMATION_FORMAT = "dwarf-with-dsym";
				DEVELOPMENT_ASSET_PATHS = "\"MusicSync/SupportFile/Preview Content\"";
				DEVELOPMENT_TEAM = P4P28KTQQK;
				ENABLE_PREVIEWS = YES;
				ENABLE_USER_SCRIPT_SANDBOXING = NO;
				GENERATE_INFOPLIST_FILE = YES;
				INFOPLIST_FILE = "MusicSync/Develop-Info.plist";
				INFOPLIST_KEY_LSApplicationCategoryType = "public.app-category.music";
				INFOPLIST_KEY_NSAppleMusicUsageDescription = "AppleMusicライブラリ取得のために必要です";
				INFOPLIST_KEY_UIApplicationSceneManifest_Generation = YES;
				INFOPLIST_KEY_UIApplicationSupportsIndirectInputEvents = YES;
				INFOPLIST_KEY_UIRequiresFullScreen = YES;
				INFOPLIST_KEY_UIStatusBarStyle = "";
				INFOPLIST_KEY_UISupportedInterfaceOrientations = "UIInterfaceOrientationPortrait UIInterfaceOrientationPortraitUpsideDown";
				IPHONEOS_DEPLOYMENT_TARGET = 17.6;
				LD_RUNPATH_SEARCH_PATHS = (
					"$(inherited)",
					"@executable_path/Frameworks",
				);
				MARKETING_VERSION = 1.0;
				"OTHER_LDFLAGS[arch=*]" = (
					"-Xlinker",
					"-no_warn_duplicate_libraries",
				);
				PRODUCT_BUNDLE_IDENTIFIER = com.tenya.MusicSync;
				PRODUCT_NAME = "$(TARGET_NAME)";
				SWIFT_EMIT_LOC_STRINGS = YES;
				SWIFT_VERSION = 6.0;
				TARGETED_DEVICE_FAMILY = "1,2";
			};
			name = Debug;
		};
		BA7AC8A22C6A67C5009B252B /* Release */ = {
			isa = XCBuildConfiguration;
			buildSettings = {
				ASSETCATALOG_COMPILER_APPICON_NAME = AppIcon;
				ASSETCATALOG_COMPILER_GLOBAL_ACCENT_COLOR_NAME = AccentColor;
				CODE_SIGN_STYLE = Automatic;
				CURRENT_PROJECT_VERSION = 1;
				DEVELOPMENT_ASSET_PATHS = "\"MusicSync/SupportFile/Preview Content\"";
				DEVELOPMENT_TEAM = P4P28KTQQK;
				ENABLE_PREVIEWS = YES;
				ENABLE_USER_SCRIPT_SANDBOXING = NO;
				GENERATE_INFOPLIST_FILE = YES;
				INFOPLIST_FILE = "MusicSync/Develop-Info.plist";
				INFOPLIST_KEY_LSApplicationCategoryType = "public.app-category.music";
				INFOPLIST_KEY_NSAppleMusicUsageDescription = "AppleMusicライブラリ取得のために必要です";
				INFOPLIST_KEY_UIApplicationSceneManifest_Generation = YES;
				INFOPLIST_KEY_UIApplicationSupportsIndirectInputEvents = YES;
				INFOPLIST_KEY_UIRequiresFullScreen = YES;
				INFOPLIST_KEY_UIStatusBarStyle = "";
				INFOPLIST_KEY_UISupportedInterfaceOrientations = "UIInterfaceOrientationPortrait UIInterfaceOrientationPortraitUpsideDown";
				IPHONEOS_DEPLOYMENT_TARGET = 17.6;
				LD_RUNPATH_SEARCH_PATHS = (
					"$(inherited)",
					"@executable_path/Frameworks",
				);
				MARKETING_VERSION = 1.0;
				PRODUCT_BUNDLE_IDENTIFIER = com.tenya.MusicSync;
				PRODUCT_NAME = "$(TARGET_NAME)";
				SWIFT_EMIT_LOC_STRINGS = YES;
				SWIFT_VERSION = 6.0;
				TARGETED_DEVICE_FAMILY = "1,2";
			};
			name = Release;
		};
/* End XCBuildConfiguration section */

/* Begin XCConfigurationList section */
		BA6CF8BE2A1B0A480066B55E /* Build configuration list for PBXProject "MusicSync" */ = {
			isa = XCConfigurationList;
			buildConfigurations = (
				BA6CF8E52A1B0A4A0066B55E /* Debug */,
				BA6CF8E62A1B0A4A0066B55E /* Release */,
			);
			defaultConfigurationIsVisible = 0;
			defaultConfigurationName = Release;
		};
		BA6CF8E72A1B0A4A0066B55E /* Build configuration list for PBXNativeTarget "MusicSync" */ = {
			isa = XCConfigurationList;
			buildConfigurations = (
				BA6CF8E82A1B0A4A0066B55E /* Debug */,
				BA6CF8E92A1B0A4A0066B55E /* Release */,
			);
			defaultConfigurationIsVisible = 0;
			defaultConfigurationName = Release;
		};
		BA6CF8EA2A1B0A4A0066B55E /* Build configuration list for PBXNativeTarget "MusicSyncTests" */ = {
			isa = XCConfigurationList;
			buildConfigurations = (
				BA6CF8EB2A1B0A4A0066B55E /* Debug */,
				BA6CF8EC2A1B0A4A0066B55E /* Release */,
			);
			defaultConfigurationIsVisible = 0;
			defaultConfigurationName = Release;
		};
		BA6CF8ED2A1B0A4A0066B55E /* Build configuration list for PBXNativeTarget "MusicSyncUITests" */ = {
			isa = XCConfigurationList;
			buildConfigurations = (
				BA6CF8EE2A1B0A4A0066B55E /* Debug */,
				BA6CF8EF2A1B0A4A0066B55E /* Release */,
			);
			defaultConfigurationIsVisible = 0;
			defaultConfigurationName = Release;
		};
		BA7AC8A02C6A67C5009B252B /* Build configuration list for PBXNativeTarget "MusicSync-Develop" */ = {
			isa = XCConfigurationList;
			buildConfigurations = (
				BA7AC8A12C6A67C5009B252B /* Debug */,
				BA7AC8A22C6A67C5009B252B /* Release */,
			);
			defaultConfigurationIsVisible = 0;
			defaultConfigurationName = Release;
		};
/* End XCConfigurationList section */

/* Begin XCRemoteSwiftPackageReference section */
		BA4660F52B0F9C6700CF7678 /* XCRemoteSwiftPackageReference "LicenseList" */ = {
			isa = XCRemoteSwiftPackageReference;
			repositoryURL = "https://github.com/cybozu/LicenseList";
			requirement = {
				kind = upToNextMajorVersion;
				minimumVersion = 0.4.0;
			};
		};
		BA6CF8F02A1B0B090066B55E /* XCRemoteSwiftPackageReference "firebase-ios-sdk" */ = {
			isa = XCRemoteSwiftPackageReference;
			repositoryURL = "https://github.com/firebase/firebase-ios-sdk.git";
			requirement = {
				kind = upToNextMajorVersion;
				minimumVersion = 10.0.0;
			};
		};
		BA70AB982B944B7D0041B369 /* XCRemoteSwiftPackageReference "swift-package-manager-google-mobile-ads" */ = {
			isa = XCRemoteSwiftPackageReference;
			repositoryURL = "https://github.com/googleads/swift-package-manager-google-mobile-ads.git";
			requirement = {
				kind = upToNextMajorVersion;
				minimumVersion = 11.0.1;
			};
		};
		BA7AC8542C6A67C5009B252B /* XCRemoteSwiftPackageReference "firebase-ios-sdk" */ = {
			isa = XCRemoteSwiftPackageReference;
			repositoryURL = "https://github.com/firebase/firebase-ios-sdk.git";
			requirement = {
				kind = upToNextMajorVersion;
				minimumVersion = 10.0.0;
			};
		};
		BA7AC8622C6A67C5009B252B /* XCRemoteSwiftPackageReference "LicenseList" */ = {
			isa = XCRemoteSwiftPackageReference;
			repositoryURL = "https://github.com/cybozu/LicenseList";
			requirement = {
				kind = upToNextMajorVersion;
				minimumVersion = 0.4.0;
			};
		};
		BA7AC8642C6A67C5009B252B /* XCRemoteSwiftPackageReference "swift-package-manager-google-mobile-ads" */ = {
			isa = XCRemoteSwiftPackageReference;
			repositoryURL = "https://github.com/googleads/swift-package-manager-google-mobile-ads.git";
			requirement = {
				kind = upToNextMajorVersion;
				minimumVersion = 11.0.1;
			};
		};
/* End XCRemoteSwiftPackageReference section */

/* Begin XCSwiftPackageProductDependency section */
		BA4660F62B0F9C6700CF7678 /* LicenseList */ = {
			isa = XCSwiftPackageProductDependency;
			package = BA4660F52B0F9C6700CF7678 /* XCRemoteSwiftPackageReference "LicenseList" */;
			productName = LicenseList;
		};
		BA4660F82B0F9CD800CF7678 /* PrepareLicenseList */ = {
			isa = XCSwiftPackageProductDependency;
			package = BA4660F52B0F9C6700CF7678 /* XCRemoteSwiftPackageReference "LicenseList" */;
			productName = "plugin:PrepareLicenseList";
		};
		BA6CF8F12A1B0B090066B55E /* FirebaseAnalytics */ = {
			isa = XCSwiftPackageProductDependency;
			package = BA6CF8F02A1B0B090066B55E /* XCRemoteSwiftPackageReference "firebase-ios-sdk" */;
			productName = FirebaseAnalytics;
		};
		BA6CF8F32A1B0B090066B55E /* FirebaseAnalyticsOnDeviceConversion */ = {
			isa = XCSwiftPackageProductDependency;
			package = BA6CF8F02A1B0B090066B55E /* XCRemoteSwiftPackageReference "firebase-ios-sdk" */;
			productName = FirebaseAnalyticsOnDeviceConversion;
		};
		BA6CF8F52A1B0B090066B55E /* FirebaseAnalyticsSwift */ = {
			isa = XCSwiftPackageProductDependency;
			package = BA6CF8F02A1B0B090066B55E /* XCRemoteSwiftPackageReference "firebase-ios-sdk" */;
			productName = FirebaseAnalyticsSwift;
		};
		BA6CF8F72A1B0B090066B55E /* FirebaseAnalyticsWithoutAdIdSupport */ = {
			isa = XCSwiftPackageProductDependency;
			package = BA6CF8F02A1B0B090066B55E /* XCRemoteSwiftPackageReference "firebase-ios-sdk" */;
			productName = FirebaseAnalyticsWithoutAdIdSupport;
		};
		BA6CF8F92A1B0B090066B55E /* FirebaseAppCheck */ = {
			isa = XCSwiftPackageProductDependency;
			package = BA6CF8F02A1B0B090066B55E /* XCRemoteSwiftPackageReference "firebase-ios-sdk" */;
			productName = FirebaseAppCheck;
		};
		BA6CF8FB2A1B0B090066B55E /* FirebaseAppDistribution-Beta */ = {
			isa = XCSwiftPackageProductDependency;
			package = BA6CF8F02A1B0B090066B55E /* XCRemoteSwiftPackageReference "firebase-ios-sdk" */;
			productName = "FirebaseAppDistribution-Beta";
		};
		BA6CF8FD2A1B0B090066B55E /* FirebaseAuth */ = {
			isa = XCSwiftPackageProductDependency;
			package = BA6CF8F02A1B0B090066B55E /* XCRemoteSwiftPackageReference "firebase-ios-sdk" */;
			productName = FirebaseAuth;
		};
		BA6CF8FF2A1B0B090066B55E /* FirebaseAuthCombine-Community */ = {
			isa = XCSwiftPackageProductDependency;
			package = BA6CF8F02A1B0B090066B55E /* XCRemoteSwiftPackageReference "firebase-ios-sdk" */;
			productName = "FirebaseAuthCombine-Community";
		};
		BA6CF9012A1B0B090066B55E /* FirebaseCrashlytics */ = {
			isa = XCSwiftPackageProductDependency;
			package = BA6CF8F02A1B0B090066B55E /* XCRemoteSwiftPackageReference "firebase-ios-sdk" */;
			productName = FirebaseCrashlytics;
		};
		BA6CF9032A1B0B090066B55E /* FirebaseFirestore */ = {
			isa = XCSwiftPackageProductDependency;
			package = BA6CF8F02A1B0B090066B55E /* XCRemoteSwiftPackageReference "firebase-ios-sdk" */;
			productName = FirebaseFirestore;
		};
		BA6CF9052A1B0B090066B55E /* FirebaseFirestoreCombine-Community */ = {
			isa = XCSwiftPackageProductDependency;
			package = BA6CF8F02A1B0B090066B55E /* XCRemoteSwiftPackageReference "firebase-ios-sdk" */;
			productName = "FirebaseFirestoreCombine-Community";
		};
		BA6CF9072A1B0B090066B55E /* FirebaseFirestoreSwift */ = {
			isa = XCSwiftPackageProductDependency;
			package = BA6CF8F02A1B0B090066B55E /* XCRemoteSwiftPackageReference "firebase-ios-sdk" */;
			productName = FirebaseFirestoreSwift;
		};
		BA6CF9092A1B0B090066B55E /* FirebaseInstallations */ = {
			isa = XCSwiftPackageProductDependency;
			package = BA6CF8F02A1B0B090066B55E /* XCRemoteSwiftPackageReference "firebase-ios-sdk" */;
			productName = FirebaseInstallations;
		};
		BA70AB992B944B7D0041B369 /* GoogleMobileAds */ = {
			isa = XCSwiftPackageProductDependency;
			package = BA70AB982B944B7D0041B369 /* XCRemoteSwiftPackageReference "swift-package-manager-google-mobile-ads" */;
			productName = GoogleMobileAds;
		};
		BA7AC8532C6A67C5009B252B /* FirebaseAnalytics */ = {
			isa = XCSwiftPackageProductDependency;
			package = BA7AC8542C6A67C5009B252B /* XCRemoteSwiftPackageReference "firebase-ios-sdk" */;
			productName = FirebaseAnalytics;
		};
		BA7AC8552C6A67C5009B252B /* FirebaseAnalyticsOnDeviceConversion */ = {
			isa = XCSwiftPackageProductDependency;
			package = BA7AC8542C6A67C5009B252B /* XCRemoteSwiftPackageReference "firebase-ios-sdk" */;
			productName = FirebaseAnalyticsOnDeviceConversion;
		};
		BA7AC8562C6A67C5009B252B /* FirebaseAnalyticsSwift */ = {
			isa = XCSwiftPackageProductDependency;
			package = BA7AC8542C6A67C5009B252B /* XCRemoteSwiftPackageReference "firebase-ios-sdk" */;
			productName = FirebaseAnalyticsSwift;
		};
		BA7AC8572C6A67C5009B252B /* FirebaseAnalyticsWithoutAdIdSupport */ = {
			isa = XCSwiftPackageProductDependency;
			package = BA7AC8542C6A67C5009B252B /* XCRemoteSwiftPackageReference "firebase-ios-sdk" */;
			productName = FirebaseAnalyticsWithoutAdIdSupport;
		};
		BA7AC8582C6A67C5009B252B /* FirebaseAppCheck */ = {
			isa = XCSwiftPackageProductDependency;
			package = BA7AC8542C6A67C5009B252B /* XCRemoteSwiftPackageReference "firebase-ios-sdk" */;
			productName = FirebaseAppCheck;
		};
		BA7AC8592C6A67C5009B252B /* FirebaseAppDistribution-Beta */ = {
			isa = XCSwiftPackageProductDependency;
			package = BA7AC8542C6A67C5009B252B /* XCRemoteSwiftPackageReference "firebase-ios-sdk" */;
			productName = "FirebaseAppDistribution-Beta";
		};
		BA7AC85A2C6A67C5009B252B /* FirebaseAuth */ = {
			isa = XCSwiftPackageProductDependency;
			package = BA7AC8542C6A67C5009B252B /* XCRemoteSwiftPackageReference "firebase-ios-sdk" */;
			productName = FirebaseAuth;
		};
		BA7AC85B2C6A67C5009B252B /* FirebaseAuthCombine-Community */ = {
			isa = XCSwiftPackageProductDependency;
			package = BA7AC8542C6A67C5009B252B /* XCRemoteSwiftPackageReference "firebase-ios-sdk" */;
			productName = "FirebaseAuthCombine-Community";
		};
		BA7AC85C2C6A67C5009B252B /* FirebaseCrashlytics */ = {
			isa = XCSwiftPackageProductDependency;
			package = BA7AC8542C6A67C5009B252B /* XCRemoteSwiftPackageReference "firebase-ios-sdk" */;
			productName = FirebaseCrashlytics;
		};
		BA7AC85D2C6A67C5009B252B /* FirebaseFirestore */ = {
			isa = XCSwiftPackageProductDependency;
			package = BA7AC8542C6A67C5009B252B /* XCRemoteSwiftPackageReference "firebase-ios-sdk" */;
			productName = FirebaseFirestore;
		};
		BA7AC85E2C6A67C5009B252B /* FirebaseFirestoreCombine-Community */ = {
			isa = XCSwiftPackageProductDependency;
			package = BA7AC8542C6A67C5009B252B /* XCRemoteSwiftPackageReference "firebase-ios-sdk" */;
			productName = "FirebaseFirestoreCombine-Community";
		};
		BA7AC85F2C6A67C5009B252B /* FirebaseFirestoreSwift */ = {
			isa = XCSwiftPackageProductDependency;
			package = BA7AC8542C6A67C5009B252B /* XCRemoteSwiftPackageReference "firebase-ios-sdk" */;
			productName = FirebaseFirestoreSwift;
		};
		BA7AC8602C6A67C5009B252B /* FirebaseInstallations */ = {
			isa = XCSwiftPackageProductDependency;
			package = BA7AC8542C6A67C5009B252B /* XCRemoteSwiftPackageReference "firebase-ios-sdk" */;
			productName = FirebaseInstallations;
		};
		BA7AC8612C6A67C5009B252B /* LicenseList */ = {
			isa = XCSwiftPackageProductDependency;
			package = BA7AC8622C6A67C5009B252B /* XCRemoteSwiftPackageReference "LicenseList" */;
			productName = LicenseList;
		};
		BA7AC8632C6A67C5009B252B /* GoogleMobileAds */ = {
			isa = XCSwiftPackageProductDependency;
			package = BA7AC8642C6A67C5009B252B /* XCRemoteSwiftPackageReference "swift-package-manager-google-mobile-ads" */;
			productName = GoogleMobileAds;
		};
/* End XCSwiftPackageProductDependency section */
	};
	rootObject = BA6CF8BB2A1B0A480066B55E /* Project object */;
}
